
Microsoft Visual Studio Solution File, Format Version 12.00
# Visual Studio 15
VisualStudioVersion = 15.0.27703.2035
MinimumVisualStudioVersion = 10.0.40219.1
Project("{8BC9CEB8-8B4A-11D0-8D11-00A0C91BC942}") = "CreateDevice", "CreateDevice\CreateDevice.vcxproj", "{1BD83952-7E19-4FAE-9154-A61C3A43524E}"
EndProject
Project("{8BC9CEB8-8B4A-11D0-8D11-00A0C91BC942}") = "34_SampleBitmap", "SampleBitmap\SampleBitmap.vcxproj", "{93D5D471-0B33-4285-A291-4926AE36EFCA}"
EndProject
Project("{8BC9CEB8-8B4A-11D0-8D11-00A0C91BC942}") = "Direct2D", "Direct2D\Direct2D.vcxproj", "{4099833D-5965-4CD9-9EC6-36C4EFD77891}"
	ProjectSection(ProjectDependencies) = postProject
		{484628B4-0A4D-46E2-A25B-AC8AB8354A11} = {484628B4-0A4D-46E2-A25B-AC8AB8354A11}
	EndProjectSection
EndProject
Project("{8BC9CEB8-8B4A-11D0-8D11-00A0C91BC942}") = "xCoreLib_3D", "xCoreLib_3D\xCoreLib_3D.vcxproj", "{484628B4-0A4D-46E2-A25B-AC8AB8354A11}"
EndProject
Project("{8BC9CEB8-8B4A-11D0-8D11-00A0C91BC942}") = "Network_Server(Critical)", "Network_Server\Network_Server.vcxproj", "{720AFBDF-E6ED-4A99-A9FB-49EF9C8DF642}"
EndProject
Project("{8BC9CEB8-8B4A-11D0-8D11-00A0C91BC942}") = "Network_Client", "Network_Client\Network_Client.vcxproj", "{41915CF6-2648-4C77-BC60-6586CB7D1DA5}"
EndProject
Project("{8BC9CEB8-8B4A-11D0-8D11-00A0C91BC942}") = "Mutex", "Mutex\Mutex.vcxproj", "{D8F261AF-49D3-4292-9E64-E074D7B7E711}"
EndProject
Global
	GlobalSection(SolutionConfigurationPlatforms) = preSolution
		Debug|x64 = Debug|x64
		Debug|x86 = Debug|x86
		Release|x64 = Release|x64
		Release|x86 = Release|x86
	EndGlobalSection
	GlobalSection(ProjectConfigurationPlatforms) = postSolution
		{1BD83952-7E19-4FAE-9154-A61C3A43524E}.Debug|x64.ActiveCfg = Debug|x64
		{1BD83952-7E19-4FAE-9154-A61C3A43524E}.Debug|x64.Build.0 = Debug|x64
		{1BD83952-7E19-4FAE-9154-A61C3A43524E}.Debug|x86.ActiveCfg = Debug|Win32
		{1BD83952-7E19-4FAE-9154-A61C3A43524E}.Debug|x86.Build.0 = Debug|Win32
		{1BD83952-7E19-4FAE-9154-A61C3A43524E}.Release|x64.ActiveCfg = Release|x64
		{1BD83952-7E19-4FAE-9154-A61C3A43524E}.Release|x64.Build.0 = Release|x64
		{1BD83952-7E19-4FAE-9154-A61C3A43524E}.Release|x86.ActiveCfg = Release|Win32
		{1BD83952-7E19-4FAE-9154-A61C3A43524E}.Release|x86.Build.0 = Release|Win32
		{93D5D471-0B33-4285-A291-4926AE36EFCA}.Debug|x64.ActiveCfg = Debug|x64
		{93D5D471-0B33-4285-A291-4926AE36EFCA}.Debug|x64.Build.0 = Debug|x64
		{93D5D471-0B33-4285-A291-4926AE36EFCA}.Debug|x86.ActiveCfg = Debug|Win32
		{93D5D471-0B33-4285-A291-4926AE36EFCA}.Debug|x86.Build.0 = Debug|Win32
		{93D5D471-0B33-4285-A291-4926AE36EFCA}.Release|x64.ActiveCfg = Release|x64
		{93D5D471-0B33-4285-A291-4926AE36EFCA}.Release|x64.Build.0 = Release|x64
		{93D5D471-0B33-4285-A291-4926AE36EFCA}.Release|x86.ActiveCfg = Release|Win32
		{93D5D471-0B33-4285-A291-4926AE36EFCA}.Release|x86.Build.0 = Release|Win32
		{4099833D-5965-4CD9-9EC6-36C4EFD77891}.Debug|x64.ActiveCfg = Debug|x64
		{4099833D-5965-4CD9-9EC6-36C4EFD77891}.Debug|x64.Build.0 = Debug|x64
		{4099833D-5965-4CD9-9EC6-36C4EFD77891}.Debug|x86.ActiveCfg = Debug|Win32
		{4099833D-5965-4CD9-9EC6-36C4EFD77891}.Debug|x86.Build.0 = Debug|Win32
		{4099833D-5965-4CD9-9EC6-36C4EFD77891}.Release|x64.ActiveCfg = Release|x64
		{4099833D-5965-4CD9-9EC6-36C4EFD77891}.Release|x64.Build.0 = Release|x64
		{4099833D-5965-4CD9-9EC6-36C4EFD77891}.Release|x86.ActiveCfg = Release|Win32
		{4099833D-5965-4CD9-9EC6-36C4EFD77891}.Release|x86.Build.0 = Release|Win32
		{484628B4-0A4D-46E2-A25B-AC8AB8354A11}.Debug|x64.ActiveCfg = Debug|x64
		{484628B4-0A4D-46E2-A25B-AC8AB8354A11}.Debug|x64.Build.0 = Debug|x64
		{484628B4-0A4D-46E2-A25B-AC8AB8354A11}.Debug|x86.ActiveCfg = Debug|Win32
		{484628B4-0A4D-46E2-A25B-AC8AB8354A11}.Debug|x86.Build.0 = Debug|Win32
		{484628B4-0A4D-46E2-A25B-AC8AB8354A11}.Release|x64.ActiveCfg = Release|x64
		{484628B4-0A4D-46E2-A25B-AC8AB8354A11}.Release|x64.Build.0 = Release|x64
		{484628B4-0A4D-46E2-A25B-AC8AB8354A11}.Release|x86.ActiveCfg = Release|Win32
		{484628B4-0A4D-46E2-A25B-AC8AB8354A11}.Release|x86.Build.0 = Release|Win32
		{720AFBDF-E6ED-4A99-A9FB-49EF9C8DF642}.Debug|x64.ActiveCfg = Debug|x64
		{720AFBDF-E6ED-4A99-A9FB-49EF9C8DF642}.Debug|x64.Build.0 = Debug|x64
		{720AFBDF-E6ED-4A99-A9FB-49EF9C8DF642}.Debug|x86.ActiveCfg = Debug|Win32
		{720AFBDF-E6ED-4A99-A9FB-49EF9C8DF642}.Debug|x86.Build.0 = Debug|Win32
		{720AFBDF-E6ED-4A99-A9FB-49EF9C8DF642}.Release|x64.ActiveCfg = Release|x64
		{720AFBDF-E6ED-4A99-A9FB-49EF9C8DF642}.Release|x64.Build.0 = Release|x64
		{720AFBDF-E6ED-4A99-A9FB-49EF9C8DF642}.Release|x86.ActiveCfg = Release|Win32
		{720AFBDF-E6ED-4A99-A9FB-49EF9C8DF642}.Release|x86.Build.0 = Release|Win32
		{41915CF6-2648-4C77-BC60-6586CB7D1DA5}.Debug|x64.ActiveCfg = Debug|x64
		{41915CF6-2648-4C77-BC60-6586CB7D1DA5}.Debug|x64.Build.0 = Debug|x64
		{41915CF6-2648-4C77-BC60-6586CB7D1DA5}.Debug|x86.ActiveCfg = Debug|Win32
		{41915CF6-2648-4C77-BC60-6586CB7D1DA5}.Debug|x86.Build.0 = Debug|Win32
		{41915CF6-2648-4C77-BC60-6586CB7D1DA5}.Release|x64.ActiveCfg = Release|x64
		{41915CF6-2648-4C77-BC60-6586CB7D1DA5}.Release|x64.Build.0 = Release|x64
		{41915CF6-2648-4C77-BC60-6586CB7D1DA5}.Release|x86.ActiveCfg = Release|Win32
		{41915CF6-2648-4C77-BC60-6586CB7D1DA5}.Release|x86.Build.0 = Release|Win32
		{D8F261AF-49D3-4292-9E64-E074D7B7E711}.Debug|x64.ActiveCfg = Debug|x64
		{D8F261AF-49D3-4292-9E64-E074D7B7E711}.Debug|x64.Build.0 = Debug|x64
		{D8F261AF-49D3-4292-9E64-E074D7B7E711}.Debug|x86.ActiveCfg = Debug|Win32
		{D8F261AF-49D3-4292-9E64-E074D7B7E711}.Debug|x86.Build.0 = Debug|Win32
		{D8F261AF-49D3-4292-9E64-E074D7B7E711}.Release|x64.ActiveCfg = Release|x64
		{D8F261AF-49D3-4292-9E64-E074D7B7E711}.Release|x64.Build.0 = Release|x64
		{D8F261AF-49D3-4292-9E64-E074D7B7E711}.Release|x86.ActiveCfg = Release|Win32
		{D8F261AF-49D3-4292-9E64-E074D7B7E711}.Release|x86.Build.0 = Release|Win32
	EndGlobalSection
	GlobalSection(SolutionProperties) = preSolution
		HideSolutionNode = FALSE
	EndGlobalSection
	GlobalSection(ExtensibilityGlobals) = postSolution
		SolutionGuid = {52770C95-AEF2-430D-8C91-D40C32B94650}
	EndGlobalSection
EndGlobal
