
Microsoft Visual Studio Solution File, Format Version 12.00
# Visual Studio 15
VisualStudioVersion = 15.0.27703.2035
MinimumVisualStudioVersion = 10.0.40219.1
Project("{8BC9CEB8-8B4A-11D0-8D11-00A0C91BC942}") = "CreateDevice", "CreateDevice\CreateDevice.vcxproj", "{1BD83952-7E19-4FAE-9154-A61C3A43524E}"
EndProject
Project("{8BC9CEB8-8B4A-11D0-8D11-00A0C91BC942}") = "34_SampleBitmap", "SampleBitmap\SampleBitmap.vcxproj", "{93D5D471-0B33-4285-A291-4926AE36EFCA}"
EndProject
Project("{8BC9CEB8-8B4A-11D0-8D11-00A0C91BC942}") = "Direct2D", "Direct2D\Direct2D.vcxproj", "{4099833D-5965-4CD9-9EC6-36C4EFD77891}"
	ProjectSection(ProjectDependencies) = postProject
		{484628B4-0A4D-46E2-A25B-AC8AB8354A11} = {484628B4-0A4D-46E2-A25B-AC8AB8354A11}
	EndProjectSection
EndProject
Project("{8BC9CEB8-8B4A-11D0-8D11-00A0C91BC942}") = "Network_Server(echo_CriticalSection)", "Network_Server\Network_Server.vcxproj", "{720AFBDF-E6ED-4A99-A9FB-49EF9C8DF642}"
EndProject
Project("{8BC9CEB8-8B4A-11D0-8D11-00A0C91BC942}") = "Network_Client", "Network_Client\Network_Client.vcxproj", "{41915CF6-2648-4C77-BC60-6586CB7D1DA5}"
EndProject
Project("{8BC9CEB8-8B4A-11D0-8D11-00A0C91BC942}") = "Mutex", "Mutex\Mutex.vcxproj", "{D8F261AF-49D3-4292-9E64-E074D7B7E711}"
EndProject
Project("{8BC9CEB8-8B4A-11D0-8D11-00A0C91BC942}") = "SelectModel", "SelectModel\SelectModel.vcxproj", "{D7F4AA2B-BCD7-412C-86EF-ECF01CC337FB}"
EndProject
Project("{8BC9CEB8-8B4A-11D0-8D11-00A0C91BC942}") = "AsyncSelect", "AsyncSelect\AsyncSelect.vcxproj", "{F3A7A8D0-EACD-496A-8186-04BC26EF409C}"
EndProject
Project("{8BC9CEB8-8B4A-11D0-8D11-00A0C91BC942}") = "OverlappedFileIO(x)", "OverlappedFileIO\OverlappedFileIO.vcxproj", "{BB31643F-5F5E-4EEF-B486-305C43105091}"
EndProject
Project("{8BC9CEB8-8B4A-11D0-8D11-00A0C91BC942}") = "WideCharAndMultiByte", "WideCharAndMultiByte\WideCharAndMultiByte.vcxproj", "{A44DAAC8-88D0-4B19-A71A-A274457B109D}"
EndProject
Project("{8BC9CEB8-8B4A-11D0-8D11-00A0C91BC942}") = "FileIO_IOCP", "FileIO_IOCP\FileIO_IOCP.vcxproj", "{78023B8A-2BBE-478F-B7B7-C37D5BD596DE}"
EndProject
Project("{8BC9CEB8-8B4A-11D0-8D11-00A0C91BC942}") = "IOCP_Server(x)", "IOCP_Server\IOCP_Server.vcxproj", "{08039AE0-811F-4539-A217-43C7B9082312}"
EndProject
Project("{8BC9CEB8-8B4A-11D0-8D11-00A0C91BC942}") = "AyncNotiEchoServ_win", "AyncNotiEchoServ_win\AyncNotiEchoServ_win.vcxproj", "{259ED71B-5A0A-4AD2-8E0F-E2302DF3E881}"
EndProject
Project("{8BC9CEB8-8B4A-11D0-8D11-00A0C91BC942}") = "OverLappedSend_Win", "OverLappedSend_Win\OverLappedSend_Win.vcxproj", "{28F62262-4F00-4371-9934-9E9CDF5A6879}"
EndProject
Project("{8BC9CEB8-8B4A-11D0-8D11-00A0C91BC942}") = "OverlappedRecv_win", "OverlappedRecv_win\OverlappedRecv_win.vcxproj", "{758D12EA-8DC4-44CF-AA77-7575FF1C8EA2}"
EndProject
Project("{8BC9CEB8-8B4A-11D0-8D11-00A0C91BC942}") = "CmplRoutinesRecv_win", "CmplRoutinesRecv_win\CmplRoutinesRecv_win.vcxproj", "{BBD85164-A6CE-4088-AE80-5BED61A66B7E}"
EndProject
Project("{8BC9CEB8-8B4A-11D0-8D11-00A0C91BC942}") = "CmplRouEchoServ_win", "CmplRouEchoServ_win\CmplRouEchoServ_win.vcxproj", "{3A28F04A-8891-4AAB-B6FC-79541C407AE6}"
EndProject
Project("{8BC9CEB8-8B4A-11D0-8D11-00A0C91BC942}") = "StableEchoClnt_Win", "StableEchoClnt_Win\StableEchoClnt_Win.vcxproj", "{986CB39F-CB92-4919-B99C-301DE8CBBBFB}"
EndProject
Project("{2150E333-8FDC-42A3-9474-1A3956D46DE8}") = "Server", "Server", "{B31E763C-414B-41BD-9974-929749A43803}"
EndProject
Project("{2150E333-8FDC-42A3-9474-1A3956D46DE8}") = "KGCACode", "KGCACode", "{9A52A7B5-99E5-459E-A797-E9D834CA308E}"
EndProject
Project("{2150E333-8FDC-42A3-9474-1A3956D46DE8}") = "TCP.IP.Book", "TCP.IP.Book", "{6841EB54-24F4-4A61-A54A-163BFA7F7989}"
EndProject
Project("{2150E333-8FDC-42A3-9474-1A3956D46DE8}") = "2D", "2D", "{3EF234CC-3012-404F-802D-621081080D6D}"
EndProject
Project("{2150E333-8FDC-42A3-9474-1A3956D46DE8}") = "3D", "3D", "{130F4980-2822-4569-A015-3C5028585DB2}"
EndProject
Project("{8BC9CEB8-8B4A-11D0-8D11-00A0C91BC942}") = "IOCPEchoServ_win", "IOCPEchoServ_win\IOCPEchoServ_win.vcxproj", "{DDA632BD-43A9-400C-8570-07B3A6DEAE65}"
EndProject
Project("{8BC9CEB8-8B4A-11D0-8D11-00A0C91BC942}") = "xCoreLib_3D", "xCoreLib\xCoreLib.vcxproj", "{577B9352-2614-497C-A142-0AC02458EC0E}"
EndProject
Project("{8BC9CEB8-8B4A-11D0-8D11-00A0C91BC942}") = "xCoreLib", "xCoreLib\xCoreLib_3D.vcxproj", "{484628B4-0A4D-46E2-A25B-AC8AB8354A11}"
EndProject
Project("{8BC9CEB8-8B4A-11D0-8D11-00A0C91BC942}") = "UDPClient", "UDPClient\UDPClient.vcxproj", "{A44685E4-1EDB-40FC-A35E-6C9B5A6653F5}"
EndProject
Project("{8BC9CEB8-8B4A-11D0-8D11-00A0C91BC942}") = "TSvrLib(x)", "TSvrLib\TSvrLib.vcxproj", "{0F69A4C4-6FBF-4F7A-B1FA-FF002115DBEA}"
EndProject
Project("{8BC9CEB8-8B4A-11D0-8D11-00A0C91BC942}") = "LoginSvr", "LoginSvr\LoginSvr.vcxproj", "{D2C53D3B-B669-45E4-99F3-6BFA70844944}"
EndProject
Project("{2150E333-8FDC-42A3-9474-1A3956D46DE8}") = "onlineGameServerBook", "onlineGameServerBook", "{3EAA55A9-2172-4652-A0A7-D59CB2A1607E}"
EndProject
Project("{8BC9CEB8-8B4A-11D0-8D11-00A0C91BC942}") = "1_CUser", "1_CUser\1_CUser.vcxproj", "{EBD27F71-603A-4AF2-B904-1C3EF136F735}"
EndProject
Project("{2150E333-8FDC-42A3-9474-1A3956D46DE8}") = "KGCASampleCode", "KGCASampleCode", "{68122C6A-D157-46DF-9767-69C69745F502}"
EndProject
Project("{8BC9CEB8-8B4A-11D0-8D11-00A0C91BC942}") = "MakePacket", "MakePacket\MakePacket.vcxproj", "{A449B66C-8186-4D1D-B3D9-5DE3E004C662}"
EndProject
Project("{2150E333-8FDC-42A3-9474-1A3956D46DE8}") = "TCP.IP.SOCKET.Programming", "TCP.IP.SOCKET.Programming", "{4676AF86-147C-4D16-BC86-EE61941E69B6}"
EndProject
Project("{8BC9CEB8-8B4A-11D0-8D11-00A0C91BC942}") = "4.1.TCPServer", "4.1.TCPServer\4.1.TCPServer.vcxproj", "{6D2E67C7-8096-427C-9066-AA2BDA7B94BA}"
EndProject
Project("{8BC9CEB8-8B4A-11D0-8D11-00A0C91BC942}") = "4.1.TCPClient", "4.1.TCPClient\4.1.TCPClient.vcxproj", "{214A7C9D-A7B0-46E4-AEE7-E144409E0276}"
EndProject
Project("{8BC9CEB8-8B4A-11D0-8D11-00A0C91BC942}") = "5.3.TCPServer_fixedVariable", "5.3.TCPServer_fixedVariable\5.3.TCPServer_fixedVariable.vcxproj", "{82BEDBE1-3D38-4005-BAA4-B08345DE4086}"
EndProject
Project("{8BC9CEB8-8B4A-11D0-8D11-00A0C91BC942}") = "5.3.TCPClient_FixedVariable", "5.3.TCPClient_FixedVariable\5.3.TCPClient_FixedVariable.vcxproj", "{4E97FCDC-B72F-4831-93D5-E214B47DA42D}"
EndProject
Project("{8BC9CEB8-8B4A-11D0-8D11-00A0C91BC942}") = "6.1.ExThread1", "6.1.ExThread1\6.1.ExThread1.vcxproj", "{E9DB5E2F-305A-4BB0-B058-7924540C9614}"
EndProject
Project("{8BC9CEB8-8B4A-11D0-8D11-00A0C91BC942}") = "6.2.ExThread2", "6.2.ExThread2\6.2.ExThread2.vcxproj", "{3AE10E00-6730-47BA-B36A-EDFF074266C3}"
EndProject
Project("{8BC9CEB8-8B4A-11D0-8D11-00A0C91BC942}") = "6.3.ExThread3", "6.3.ExThread3\6.3.ExThread3.vcxproj", "{E3381B96-3D12-44F6-B0FA-BA5203F8A156}"
EndProject
Project("{8BC9CEB8-8B4A-11D0-8D11-00A0C91BC942}") = "6.4.MultiThreadTCPServer", "6.4.MultiThreadTCPServer\6.4.MultiThreadTCPServer.vcxproj", "{94DC5B2C-CCD9-4559-95B5-AD629DD51595}"
EndProject
Project("{8BC9CEB8-8B4A-11D0-8D11-00A0C91BC942}") = "6.5.ExCriticalSection", "6.5.ExCriticalSection\6.5.ExCriticalSection.vcxproj", "{C52BB7BA-E9BF-433A-9FFD-23AB24DE4067}"
EndProject
Project("{8BC9CEB8-8B4A-11D0-8D11-00A0C91BC942}") = "6.6.ExEvent", "6.6.ExEvent\6.6.ExEvent.vcxproj", "{B2E85229-85D4-46E3-851B-F930AF2E96DC}"
EndProject
Project("{8BC9CEB8-8B4A-11D0-8D11-00A0C91BC942}") = "7.1.UDPServer", "7.1.UDPServer\7.1.UDPServer.vcxproj", "{2F62B838-C779-452A-889B-ABE271195833}"
EndProject
Project("{8BC9CEB8-8B4A-11D0-8D11-00A0C91BC942}") = "7.1.UDPClient", "7.1.UDPClient\7.1.UDPClient.vcxproj", "{0B583C88-18B6-499D-A1F5-35A1EEDF98B7}"
EndProject
Project("{8BC9CEB8-8B4A-11D0-8D11-00A0C91BC942}") = "7.2.UDPServer6", "7.2.UDPServer6\7.2.UDPServer6.vcxproj", "{3B33278B-7199-4A98-8ACF-5DD8E0DD7DBD}"
EndProject
Project("{8BC9CEB8-8B4A-11D0-8D11-00A0C91BC942}") = "7.2.UDPClient6", "7.2.UDPClient6\7.2.UDPClient6.vcxproj", "{30FF112B-EB97-4940-8046-B1DE534402E0}"
EndProject
Project("{8BC9CEB8-8B4A-11D0-8D11-00A0C91BC942}") = "7.3.BroadcastSender", "7.3.BroadcastSender\7.3.BroadcastSender.vcxproj", "{BC333E18-A181-430A-ADE5-996A636763D9}"
EndProject
Project("{8BC9CEB8-8B4A-11D0-8D11-00A0C91BC942}") = "7.3.BroadcastReceiver", "7.3.BroadcastReceiver\7.3.BroadcastReceiver.vcxproj", "{7F111D9C-A793-4305-B84D-9EEA4149F30B}"
EndProject
Project("{8BC9CEB8-8B4A-11D0-8D11-00A0C91BC942}") = "8.1.TCPServer_Reuseaddr", "8.1.TCPServer_Reuseaddr\8.1.TCPServer_Reuseaddr.vcxproj", "{CAC7B345-B484-4079-A481-4BA1939AA9B1}"
EndProject
Project("{8BC9CEB8-8B4A-11D0-8D11-00A0C91BC942}") = "8.1.UDPServer_Reuseaddr", "8.1.UDPServer_Reuseaddr\8.1.UDPServer_Reuseaddr.vcxproj", "{7816DD62-9D4A-4173-860C-FA293EC8A01D}"
EndProject
Project("{8BC9CEB8-8B4A-11D0-8D11-00A0C91BC942}") = "8.2.MulticastSender", "8.2.MulticastSender\8.2.MulticastSender.vcxproj", "{4E70D165-1020-438E-A524-E199F4F5CE07}"
EndProject
Project("{8BC9CEB8-8B4A-11D0-8D11-00A0C91BC942}") = "8.2.MulticastReceiver", "8.2.MulticastReceiver\8.2.MulticastReceiver.vcxproj", "{FAD7442D-115B-4329-B9A0-1F53992A2CBC}"
EndProject
Project("{8BC9CEB8-8B4A-11D0-8D11-00A0C91BC942}") = "8.3.MulticastSender6", "8.3.MulticastSender6\8.3.MulticastSender6.vcxproj", "{701F99D0-134B-45D5-B0EA-77C9BADABB19}"
EndProject
Project("{8BC9CEB8-8B4A-11D0-8D11-00A0C91BC942}") = "8.3MulticastReceiver6", "8.3MulticastReceiver6\8.3MulticastReceiver6.vcxproj", "{40BF882F-DBC1-4B68-B5DF-B0845C487387}"
EndProject
Project("{8BC9CEB8-8B4A-11D0-8D11-00A0C91BC942}") = "10.1.NonblockTCPServer", "10.1.NonblockTCPServer\10.1.NonblockTCPServer.vcxproj", "{CF88575D-FB9D-4C5B-93C0-1CD327DA2F8B}"
EndProject
Project("{8BC9CEB8-8B4A-11D0-8D11-00A0C91BC942}") = "10.2.SelectTCPServer", "10.2.SelectTCPServer\10.2.SelectTCPServer.vcxproj", "{9FD929D6-49A3-4225-89B9-DEFEE00C006B}"
EndProject
Project("{8BC9CEB8-8B4A-11D0-8D11-00A0C91BC942}") = "10.3.AsyncSelectTCPServer", "10.3.AsyncSelectTCPServer\10.3.AsyncSelectTCPServer.vcxproj", "{6929C73A-457C-41CD-92F2-D25282DAF200}"
EndProject
Project("{8BC9CEB8-8B4A-11D0-8D11-00A0C91BC942}") = "10.4.EventSelectTCPServer", "10.4.EventSelectTCPServer\10.4.EventSelectTCPServer.vcxproj", "{257C166A-420F-49A4-A66B-9E57DFA7F8AD}"
EndProject
Project("{8BC9CEB8-8B4A-11D0-8D11-00A0C91BC942}") = "11.1.OverlappedTCPServer", "11.1.OverlappedTCPServer\11.1.OverlappedTCPServer.vcxproj", "{3482B5EC-10C1-4AA4-BDDB-56652A0FE61E}"
EndProject
Project("{8BC9CEB8-8B4A-11D0-8D11-00A0C91BC942}") = "11.2.OverlappedTCPServer2", "11.2.OverlappedTCPServer2\11.2.OverlappedTCPServer2.vcxproj", "{FC1EB806-745B-4DB0-BBEC-AC7F5276D285}"
EndProject
Project("{8BC9CEB8-8B4A-11D0-8D11-00A0C91BC942}") = "11.3.CompletionPortTCPServer", "11.3.CompletionPortTCPServer\11.3.CompletionPortTCPServer.vcxproj", "{DB00B1BD-06B1-4403-B70F-50CB71192605}"
EndProject
Project("{8BC9CEB8-8B4A-11D0-8D11-00A0C91BC942}") = "SampleMakePacket_Client", "SampleMakePacket_Client\SampleMakePacket_Client.vcxproj", "{82E68C88-8D0B-4E1D-9651-860363D5C62F}"
EndProject
Project("{8BC9CEB8-8B4A-11D0-8D11-00A0C91BC942}") = "SvrUserList", "SvrUserList_1\SvrUserList_1.vcxproj", "{3AD96B7D-ACA5-415C-A0EA-647926FA2A41}"
	ProjectSection(ProjectDependencies) = postProject
		{B52BF787-699E-4B29-92D6-7AC9945C5100} = {B52BF787-699E-4B29-92D6-7AC9945C5100}
	EndProjectSection
EndProject
Project("{8BC9CEB8-8B4A-11D0-8D11-00A0C91BC942}") = "TCoreClient", "TCoreClient\TCoreClient.vcxproj", "{B52BF787-699E-4B29-92D6-7AC9945C5100}"
EndProject
Project("{8BC9CEB8-8B4A-11D0-8D11-00A0C91BC942}") = "ClientUserList(x)", "ClientUserList_1\ClientUserList_1.vcxproj", "{C4CEED7A-7B65-4FDD-B950-DB7A708CE48C}"
EndProject
Project("{8BC9CEB8-8B4A-11D0-8D11-00A0C91BC942}") = "SelectServer(x)", "SelectServer\SelectServer.vcxproj", "{527A1652-06A3-414B-BFFF-ADA02B340F44}"
	ProjectSection(ProjectDependencies) = postProject
		{B52BF787-699E-4B29-92D6-7AC9945C5100} = {B52BF787-699E-4B29-92D6-7AC9945C5100}
	EndProjectSection
EndProject
Project("{8BC9CEB8-8B4A-11D0-8D11-00A0C91BC942}") = "SelectSvr", "SelectSvr\SelectSvr.vcxproj", "{54CD5C0D-9802-47B9-AAB3-91B9D7F7DE40}"
EndProject
Project("{2150E333-8FDC-42A3-9474-1A3956D46DE8}") = "03_MakePacket", "03_MakePacket", "{C212BDB1-4416-4C3C-A080-1EC2DAF71D0D}"
EndProject
Project("{2150E333-8FDC-42A3-9474-1A3956D46DE8}") = "04_UserList", "04_UserList", "{B1902F21-B74F-4FC9-8E18-20F4BF452A32}"
EndProject
Project("{2150E333-8FDC-42A3-9474-1A3956D46DE8}") = "05_AsyncSelect", "05_AsyncSelect", "{326BE97B-34E9-44D6-9EDE-45D843CC3B44}"
EndProject
Project("{2150E333-8FDC-42A3-9474-1A3956D46DE8}") = "06_Select", "06_Select", "{97016AFC-9709-4542-8C2D-C605C3610FCF}"
EndProject
Project("{8BC9CEB8-8B4A-11D0-8D11-00A0C91BC942}") = "Net_02_Client_Event", "Net_02_Client_Event\Net_02_Client_Event.vcxproj", "{14DCC13C-4673-47ED-AEB4-88E60D0BE0E5}"
EndProject
Project("{2150E333-8FDC-42A3-9474-1A3956D46DE8}") = "01_Library", "01_Library", "{A2C12771-0C4E-49E6-9010-D63BEB43D8AD}"
EndProject
Project("{8BC9CEB8-8B4A-11D0-8D11-00A0C91BC942}") = "SampleAsyncSelect_Client(x)", "SampleAsyncSelect_Client\SampleAsyncSelect_Client.vcxproj", "{7ECD6133-56DA-4E78-A623-208B57BF8000}"
EndProject
Project("{2150E333-8FDC-42A3-9474-1A3956D46DE8}") = "07_EventSelect", "07_EventSelect", "{ECBC2989-98F2-4C48-BDD9-6A2B06034788}"
EndProject
Project("{8BC9CEB8-8B4A-11D0-8D11-00A0C91BC942}") = "EventSelectServer", "EventSelectServer\EventSelectServer.vcxproj", "{A2899444-6C9C-4497-99B1-8AE69E267903}"
EndProject
Project("{2150E333-8FDC-42A3-9474-1A3956D46DE8}") = "08_FileIO", "08_FileIO", "{319A229D-08A4-47E4-A48A-46ABCC79F10C}"
EndProject
Project("{8BC9CEB8-8B4A-11D0-8D11-00A0C91BC942}") = "SampleFile_0", "SampleFile_0\SampleFile_0.vcxproj", "{1EFD3932-EB43-4963-928E-53A74370536C}"
EndProject
Project("{8BC9CEB8-8B4A-11D0-8D11-00A0C91BC942}") = "SampleAsyncIO_0", "SampleAsyncIO_0\SampleAsyncIO_0.vcxproj", "{2573F6DD-F285-45E7-BE08-E4D5CB6278CF}"
EndProject
Project("{8BC9CEB8-8B4A-11D0-8D11-00A0C91BC942}") = "SampleAsyncIO_1", "SampleAsyncIO_1\SampleAsyncIO_1.vcxproj", "{8793D8CD-5B48-4DAD-A25F-84FDEFD85AF4}"
EndProject
Global
	GlobalSection(SolutionConfigurationPlatforms) = preSolution
		Debug|x64 = Debug|x64
		Debug|x86 = Debug|x86
		Release|x64 = Release|x64
		Release|x86 = Release|x86
	EndGlobalSection
	GlobalSection(ProjectConfigurationPlatforms) = postSolution
		{1BD83952-7E19-4FAE-9154-A61C3A43524E}.Debug|x64.ActiveCfg = Debug|x64
		{1BD83952-7E19-4FAE-9154-A61C3A43524E}.Debug|x64.Build.0 = Debug|x64
		{1BD83952-7E19-4FAE-9154-A61C3A43524E}.Debug|x86.ActiveCfg = Debug|Win32
		{1BD83952-7E19-4FAE-9154-A61C3A43524E}.Debug|x86.Build.0 = Debug|Win32
		{1BD83952-7E19-4FAE-9154-A61C3A43524E}.Release|x64.ActiveCfg = Release|x64
		{1BD83952-7E19-4FAE-9154-A61C3A43524E}.Release|x64.Build.0 = Release|x64
		{1BD83952-7E19-4FAE-9154-A61C3A43524E}.Release|x86.ActiveCfg = Release|Win32
		{1BD83952-7E19-4FAE-9154-A61C3A43524E}.Release|x86.Build.0 = Release|Win32
		{93D5D471-0B33-4285-A291-4926AE36EFCA}.Debug|x64.ActiveCfg = Debug|x64
		{93D5D471-0B33-4285-A291-4926AE36EFCA}.Debug|x64.Build.0 = Debug|x64
		{93D5D471-0B33-4285-A291-4926AE36EFCA}.Debug|x86.ActiveCfg = Debug|Win32
		{93D5D471-0B33-4285-A291-4926AE36EFCA}.Debug|x86.Build.0 = Debug|Win32
		{93D5D471-0B33-4285-A291-4926AE36EFCA}.Release|x64.ActiveCfg = Release|x64
		{93D5D471-0B33-4285-A291-4926AE36EFCA}.Release|x64.Build.0 = Release|x64
		{93D5D471-0B33-4285-A291-4926AE36EFCA}.Release|x86.ActiveCfg = Release|Win32
		{93D5D471-0B33-4285-A291-4926AE36EFCA}.Release|x86.Build.0 = Release|Win32
		{4099833D-5965-4CD9-9EC6-36C4EFD77891}.Debug|x64.ActiveCfg = Debug|x64
		{4099833D-5965-4CD9-9EC6-36C4EFD77891}.Debug|x64.Build.0 = Debug|x64
		{4099833D-5965-4CD9-9EC6-36C4EFD77891}.Debug|x86.ActiveCfg = Debug|Win32
		{4099833D-5965-4CD9-9EC6-36C4EFD77891}.Debug|x86.Build.0 = Debug|Win32
		{4099833D-5965-4CD9-9EC6-36C4EFD77891}.Release|x64.ActiveCfg = Release|x64
		{4099833D-5965-4CD9-9EC6-36C4EFD77891}.Release|x64.Build.0 = Release|x64
		{4099833D-5965-4CD9-9EC6-36C4EFD77891}.Release|x86.ActiveCfg = Release|Win32
		{4099833D-5965-4CD9-9EC6-36C4EFD77891}.Release|x86.Build.0 = Release|Win32
		{720AFBDF-E6ED-4A99-A9FB-49EF9C8DF642}.Debug|x64.ActiveCfg = Debug|x64
		{720AFBDF-E6ED-4A99-A9FB-49EF9C8DF642}.Debug|x64.Build.0 = Debug|x64
		{720AFBDF-E6ED-4A99-A9FB-49EF9C8DF642}.Debug|x86.ActiveCfg = Debug|Win32
		{720AFBDF-E6ED-4A99-A9FB-49EF9C8DF642}.Debug|x86.Build.0 = Debug|Win32
		{720AFBDF-E6ED-4A99-A9FB-49EF9C8DF642}.Release|x64.ActiveCfg = Release|x64
		{720AFBDF-E6ED-4A99-A9FB-49EF9C8DF642}.Release|x64.Build.0 = Release|x64
		{720AFBDF-E6ED-4A99-A9FB-49EF9C8DF642}.Release|x86.ActiveCfg = Release|Win32
		{720AFBDF-E6ED-4A99-A9FB-49EF9C8DF642}.Release|x86.Build.0 = Release|Win32
		{41915CF6-2648-4C77-BC60-6586CB7D1DA5}.Debug|x64.ActiveCfg = Debug|x64
		{41915CF6-2648-4C77-BC60-6586CB7D1DA5}.Debug|x64.Build.0 = Debug|x64
		{41915CF6-2648-4C77-BC60-6586CB7D1DA5}.Debug|x86.ActiveCfg = Debug|Win32
		{41915CF6-2648-4C77-BC60-6586CB7D1DA5}.Debug|x86.Build.0 = Debug|Win32
		{41915CF6-2648-4C77-BC60-6586CB7D1DA5}.Release|x64.ActiveCfg = Release|x64
		{41915CF6-2648-4C77-BC60-6586CB7D1DA5}.Release|x64.Build.0 = Release|x64
		{41915CF6-2648-4C77-BC60-6586CB7D1DA5}.Release|x86.ActiveCfg = Release|Win32
		{41915CF6-2648-4C77-BC60-6586CB7D1DA5}.Release|x86.Build.0 = Release|Win32
		{D8F261AF-49D3-4292-9E64-E074D7B7E711}.Debug|x64.ActiveCfg = Debug|x64
		{D8F261AF-49D3-4292-9E64-E074D7B7E711}.Debug|x64.Build.0 = Debug|x64
		{D8F261AF-49D3-4292-9E64-E074D7B7E711}.Debug|x86.ActiveCfg = Debug|Win32
		{D8F261AF-49D3-4292-9E64-E074D7B7E711}.Debug|x86.Build.0 = Debug|Win32
		{D8F261AF-49D3-4292-9E64-E074D7B7E711}.Release|x64.ActiveCfg = Release|x64
		{D8F261AF-49D3-4292-9E64-E074D7B7E711}.Release|x64.Build.0 = Release|x64
		{D8F261AF-49D3-4292-9E64-E074D7B7E711}.Release|x86.ActiveCfg = Release|Win32
		{D8F261AF-49D3-4292-9E64-E074D7B7E711}.Release|x86.Build.0 = Release|Win32
		{D7F4AA2B-BCD7-412C-86EF-ECF01CC337FB}.Debug|x64.ActiveCfg = Debug|x64
		{D7F4AA2B-BCD7-412C-86EF-ECF01CC337FB}.Debug|x64.Build.0 = Debug|x64
		{D7F4AA2B-BCD7-412C-86EF-ECF01CC337FB}.Debug|x86.ActiveCfg = Debug|Win32
		{D7F4AA2B-BCD7-412C-86EF-ECF01CC337FB}.Debug|x86.Build.0 = Debug|Win32
		{D7F4AA2B-BCD7-412C-86EF-ECF01CC337FB}.Release|x64.ActiveCfg = Release|x64
		{D7F4AA2B-BCD7-412C-86EF-ECF01CC337FB}.Release|x64.Build.0 = Release|x64
		{D7F4AA2B-BCD7-412C-86EF-ECF01CC337FB}.Release|x86.ActiveCfg = Release|Win32
		{D7F4AA2B-BCD7-412C-86EF-ECF01CC337FB}.Release|x86.Build.0 = Release|Win32
		{F3A7A8D0-EACD-496A-8186-04BC26EF409C}.Debug|x64.ActiveCfg = Debug|x64
		{F3A7A8D0-EACD-496A-8186-04BC26EF409C}.Debug|x64.Build.0 = Debug|x64
		{F3A7A8D0-EACD-496A-8186-04BC26EF409C}.Debug|x86.ActiveCfg = Debug|Win32
		{F3A7A8D0-EACD-496A-8186-04BC26EF409C}.Debug|x86.Build.0 = Debug|Win32
		{F3A7A8D0-EACD-496A-8186-04BC26EF409C}.Release|x64.ActiveCfg = Release|x64
		{F3A7A8D0-EACD-496A-8186-04BC26EF409C}.Release|x64.Build.0 = Release|x64
		{F3A7A8D0-EACD-496A-8186-04BC26EF409C}.Release|x86.ActiveCfg = Release|Win32
		{F3A7A8D0-EACD-496A-8186-04BC26EF409C}.Release|x86.Build.0 = Release|Win32
		{BB31643F-5F5E-4EEF-B486-305C43105091}.Debug|x64.ActiveCfg = Debug|x64
		{BB31643F-5F5E-4EEF-B486-305C43105091}.Debug|x64.Build.0 = Debug|x64
		{BB31643F-5F5E-4EEF-B486-305C43105091}.Debug|x86.ActiveCfg = Debug|Win32
		{BB31643F-5F5E-4EEF-B486-305C43105091}.Debug|x86.Build.0 = Debug|Win32
		{BB31643F-5F5E-4EEF-B486-305C43105091}.Release|x64.ActiveCfg = Release|x64
		{BB31643F-5F5E-4EEF-B486-305C43105091}.Release|x64.Build.0 = Release|x64
		{BB31643F-5F5E-4EEF-B486-305C43105091}.Release|x86.ActiveCfg = Release|Win32
		{BB31643F-5F5E-4EEF-B486-305C43105091}.Release|x86.Build.0 = Release|Win32
		{A44DAAC8-88D0-4B19-A71A-A274457B109D}.Debug|x64.ActiveCfg = Debug|x64
		{A44DAAC8-88D0-4B19-A71A-A274457B109D}.Debug|x64.Build.0 = Debug|x64
		{A44DAAC8-88D0-4B19-A71A-A274457B109D}.Debug|x86.ActiveCfg = Debug|Win32
		{A44DAAC8-88D0-4B19-A71A-A274457B109D}.Debug|x86.Build.0 = Debug|Win32
		{A44DAAC8-88D0-4B19-A71A-A274457B109D}.Release|x64.ActiveCfg = Release|x64
		{A44DAAC8-88D0-4B19-A71A-A274457B109D}.Release|x64.Build.0 = Release|x64
		{A44DAAC8-88D0-4B19-A71A-A274457B109D}.Release|x86.ActiveCfg = Release|Win32
		{A44DAAC8-88D0-4B19-A71A-A274457B109D}.Release|x86.Build.0 = Release|Win32
		{78023B8A-2BBE-478F-B7B7-C37D5BD596DE}.Debug|x64.ActiveCfg = Debug|x64
		{78023B8A-2BBE-478F-B7B7-C37D5BD596DE}.Debug|x64.Build.0 = Debug|x64
		{78023B8A-2BBE-478F-B7B7-C37D5BD596DE}.Debug|x86.ActiveCfg = Debug|Win32
		{78023B8A-2BBE-478F-B7B7-C37D5BD596DE}.Debug|x86.Build.0 = Debug|Win32
		{78023B8A-2BBE-478F-B7B7-C37D5BD596DE}.Release|x64.ActiveCfg = Release|x64
		{78023B8A-2BBE-478F-B7B7-C37D5BD596DE}.Release|x64.Build.0 = Release|x64
		{78023B8A-2BBE-478F-B7B7-C37D5BD596DE}.Release|x86.ActiveCfg = Release|Win32
		{78023B8A-2BBE-478F-B7B7-C37D5BD596DE}.Release|x86.Build.0 = Release|Win32
		{08039AE0-811F-4539-A217-43C7B9082312}.Debug|x64.ActiveCfg = Debug|x64
		{08039AE0-811F-4539-A217-43C7B9082312}.Debug|x64.Build.0 = Debug|x64
		{08039AE0-811F-4539-A217-43C7B9082312}.Debug|x86.ActiveCfg = Debug|Win32
		{08039AE0-811F-4539-A217-43C7B9082312}.Debug|x86.Build.0 = Debug|Win32
		{08039AE0-811F-4539-A217-43C7B9082312}.Release|x64.ActiveCfg = Release|x64
		{08039AE0-811F-4539-A217-43C7B9082312}.Release|x64.Build.0 = Release|x64
		{08039AE0-811F-4539-A217-43C7B9082312}.Release|x86.ActiveCfg = Release|Win32
		{08039AE0-811F-4539-A217-43C7B9082312}.Release|x86.Build.0 = Release|Win32
		{259ED71B-5A0A-4AD2-8E0F-E2302DF3E881}.Debug|x64.ActiveCfg = Debug|x64
		{259ED71B-5A0A-4AD2-8E0F-E2302DF3E881}.Debug|x64.Build.0 = Debug|x64
		{259ED71B-5A0A-4AD2-8E0F-E2302DF3E881}.Debug|x86.ActiveCfg = Debug|Win32
		{259ED71B-5A0A-4AD2-8E0F-E2302DF3E881}.Debug|x86.Build.0 = Debug|Win32
		{259ED71B-5A0A-4AD2-8E0F-E2302DF3E881}.Release|x64.ActiveCfg = Release|x64
		{259ED71B-5A0A-4AD2-8E0F-E2302DF3E881}.Release|x64.Build.0 = Release|x64
		{259ED71B-5A0A-4AD2-8E0F-E2302DF3E881}.Release|x86.ActiveCfg = Release|Win32
		{259ED71B-5A0A-4AD2-8E0F-E2302DF3E881}.Release|x86.Build.0 = Release|Win32
		{28F62262-4F00-4371-9934-9E9CDF5A6879}.Debug|x64.ActiveCfg = Debug|x64
		{28F62262-4F00-4371-9934-9E9CDF5A6879}.Debug|x64.Build.0 = Debug|x64
		{28F62262-4F00-4371-9934-9E9CDF5A6879}.Debug|x86.ActiveCfg = Debug|Win32
		{28F62262-4F00-4371-9934-9E9CDF5A6879}.Debug|x86.Build.0 = Debug|Win32
		{28F62262-4F00-4371-9934-9E9CDF5A6879}.Release|x64.ActiveCfg = Release|x64
		{28F62262-4F00-4371-9934-9E9CDF5A6879}.Release|x64.Build.0 = Release|x64
		{28F62262-4F00-4371-9934-9E9CDF5A6879}.Release|x86.ActiveCfg = Release|Win32
		{28F62262-4F00-4371-9934-9E9CDF5A6879}.Release|x86.Build.0 = Release|Win32
		{758D12EA-8DC4-44CF-AA77-7575FF1C8EA2}.Debug|x64.ActiveCfg = Debug|x64
		{758D12EA-8DC4-44CF-AA77-7575FF1C8EA2}.Debug|x64.Build.0 = Debug|x64
		{758D12EA-8DC4-44CF-AA77-7575FF1C8EA2}.Debug|x86.ActiveCfg = Debug|Win32
		{758D12EA-8DC4-44CF-AA77-7575FF1C8EA2}.Debug|x86.Build.0 = Debug|Win32
		{758D12EA-8DC4-44CF-AA77-7575FF1C8EA2}.Release|x64.ActiveCfg = Release|x64
		{758D12EA-8DC4-44CF-AA77-7575FF1C8EA2}.Release|x64.Build.0 = Release|x64
		{758D12EA-8DC4-44CF-AA77-7575FF1C8EA2}.Release|x86.ActiveCfg = Release|Win32
		{758D12EA-8DC4-44CF-AA77-7575FF1C8EA2}.Release|x86.Build.0 = Release|Win32
		{BBD85164-A6CE-4088-AE80-5BED61A66B7E}.Debug|x64.ActiveCfg = Debug|x64
		{BBD85164-A6CE-4088-AE80-5BED61A66B7E}.Debug|x64.Build.0 = Debug|x64
		{BBD85164-A6CE-4088-AE80-5BED61A66B7E}.Debug|x86.ActiveCfg = Debug|Win32
		{BBD85164-A6CE-4088-AE80-5BED61A66B7E}.Debug|x86.Build.0 = Debug|Win32
		{BBD85164-A6CE-4088-AE80-5BED61A66B7E}.Release|x64.ActiveCfg = Release|x64
		{BBD85164-A6CE-4088-AE80-5BED61A66B7E}.Release|x64.Build.0 = Release|x64
		{BBD85164-A6CE-4088-AE80-5BED61A66B7E}.Release|x86.ActiveCfg = Release|Win32
		{BBD85164-A6CE-4088-AE80-5BED61A66B7E}.Release|x86.Build.0 = Release|Win32
		{3A28F04A-8891-4AAB-B6FC-79541C407AE6}.Debug|x64.ActiveCfg = Debug|x64
		{3A28F04A-8891-4AAB-B6FC-79541C407AE6}.Debug|x64.Build.0 = Debug|x64
		{3A28F04A-8891-4AAB-B6FC-79541C407AE6}.Debug|x86.ActiveCfg = Debug|Win32
		{3A28F04A-8891-4AAB-B6FC-79541C407AE6}.Debug|x86.Build.0 = Debug|Win32
		{3A28F04A-8891-4AAB-B6FC-79541C407AE6}.Release|x64.ActiveCfg = Release|x64
		{3A28F04A-8891-4AAB-B6FC-79541C407AE6}.Release|x64.Build.0 = Release|x64
		{3A28F04A-8891-4AAB-B6FC-79541C407AE6}.Release|x86.ActiveCfg = Release|Win32
		{3A28F04A-8891-4AAB-B6FC-79541C407AE6}.Release|x86.Build.0 = Release|Win32
		{986CB39F-CB92-4919-B99C-301DE8CBBBFB}.Debug|x64.ActiveCfg = Debug|x64
		{986CB39F-CB92-4919-B99C-301DE8CBBBFB}.Debug|x64.Build.0 = Debug|x64
		{986CB39F-CB92-4919-B99C-301DE8CBBBFB}.Debug|x86.ActiveCfg = Debug|Win32
		{986CB39F-CB92-4919-B99C-301DE8CBBBFB}.Debug|x86.Build.0 = Debug|Win32
		{986CB39F-CB92-4919-B99C-301DE8CBBBFB}.Release|x64.ActiveCfg = Release|x64
		{986CB39F-CB92-4919-B99C-301DE8CBBBFB}.Release|x64.Build.0 = Release|x64
		{986CB39F-CB92-4919-B99C-301DE8CBBBFB}.Release|x86.ActiveCfg = Release|Win32
		{986CB39F-CB92-4919-B99C-301DE8CBBBFB}.Release|x86.Build.0 = Release|Win32
		{DDA632BD-43A9-400C-8570-07B3A6DEAE65}.Debug|x64.ActiveCfg = Debug|x64
		{DDA632BD-43A9-400C-8570-07B3A6DEAE65}.Debug|x64.Build.0 = Debug|x64
		{DDA632BD-43A9-400C-8570-07B3A6DEAE65}.Debug|x86.ActiveCfg = Debug|Win32
		{DDA632BD-43A9-400C-8570-07B3A6DEAE65}.Debug|x86.Build.0 = Debug|Win32
		{DDA632BD-43A9-400C-8570-07B3A6DEAE65}.Release|x64.ActiveCfg = Release|x64
		{DDA632BD-43A9-400C-8570-07B3A6DEAE65}.Release|x64.Build.0 = Release|x64
		{DDA632BD-43A9-400C-8570-07B3A6DEAE65}.Release|x86.ActiveCfg = Release|Win32
		{DDA632BD-43A9-400C-8570-07B3A6DEAE65}.Release|x86.Build.0 = Release|Win32
		{577B9352-2614-497C-A142-0AC02458EC0E}.Debug|x64.ActiveCfg = Debug|x64
		{577B9352-2614-497C-A142-0AC02458EC0E}.Debug|x64.Build.0 = Debug|x64
		{577B9352-2614-497C-A142-0AC02458EC0E}.Debug|x86.ActiveCfg = Debug|Win32
		{577B9352-2614-497C-A142-0AC02458EC0E}.Debug|x86.Build.0 = Debug|Win32
		{577B9352-2614-497C-A142-0AC02458EC0E}.Release|x64.ActiveCfg = Release|x64
		{577B9352-2614-497C-A142-0AC02458EC0E}.Release|x64.Build.0 = Release|x64
		{577B9352-2614-497C-A142-0AC02458EC0E}.Release|x86.ActiveCfg = Release|Win32
		{577B9352-2614-497C-A142-0AC02458EC0E}.Release|x86.Build.0 = Release|Win32
		{484628B4-0A4D-46E2-A25B-AC8AB8354A11}.Debug|x64.ActiveCfg = Debug|x64
		{484628B4-0A4D-46E2-A25B-AC8AB8354A11}.Debug|x64.Build.0 = Debug|x64
		{484628B4-0A4D-46E2-A25B-AC8AB8354A11}.Debug|x86.ActiveCfg = Debug|Win32
		{484628B4-0A4D-46E2-A25B-AC8AB8354A11}.Debug|x86.Build.0 = Debug|Win32
		{484628B4-0A4D-46E2-A25B-AC8AB8354A11}.Release|x64.ActiveCfg = Release|x64
		{484628B4-0A4D-46E2-A25B-AC8AB8354A11}.Release|x64.Build.0 = Release|x64
		{484628B4-0A4D-46E2-A25B-AC8AB8354A11}.Release|x86.ActiveCfg = Release|Win32
		{484628B4-0A4D-46E2-A25B-AC8AB8354A11}.Release|x86.Build.0 = Release|Win32
		{A44685E4-1EDB-40FC-A35E-6C9B5A6653F5}.Debug|x64.ActiveCfg = Debug|x64
		{A44685E4-1EDB-40FC-A35E-6C9B5A6653F5}.Debug|x64.Build.0 = Debug|x64
		{A44685E4-1EDB-40FC-A35E-6C9B5A6653F5}.Debug|x86.ActiveCfg = Debug|Win32
		{A44685E4-1EDB-40FC-A35E-6C9B5A6653F5}.Debug|x86.Build.0 = Debug|Win32
		{A44685E4-1EDB-40FC-A35E-6C9B5A6653F5}.Release|x64.ActiveCfg = Release|x64
		{A44685E4-1EDB-40FC-A35E-6C9B5A6653F5}.Release|x64.Build.0 = Release|x64
		{A44685E4-1EDB-40FC-A35E-6C9B5A6653F5}.Release|x86.ActiveCfg = Release|Win32
		{A44685E4-1EDB-40FC-A35E-6C9B5A6653F5}.Release|x86.Build.0 = Release|Win32
		{0F69A4C4-6FBF-4F7A-B1FA-FF002115DBEA}.Debug|x64.ActiveCfg = Debug|x64
		{0F69A4C4-6FBF-4F7A-B1FA-FF002115DBEA}.Debug|x64.Build.0 = Debug|x64
		{0F69A4C4-6FBF-4F7A-B1FA-FF002115DBEA}.Debug|x86.ActiveCfg = Debug|Win32
		{0F69A4C4-6FBF-4F7A-B1FA-FF002115DBEA}.Debug|x86.Build.0 = Debug|Win32
		{0F69A4C4-6FBF-4F7A-B1FA-FF002115DBEA}.Release|x64.ActiveCfg = Release|x64
		{0F69A4C4-6FBF-4F7A-B1FA-FF002115DBEA}.Release|x64.Build.0 = Release|x64
		{0F69A4C4-6FBF-4F7A-B1FA-FF002115DBEA}.Release|x86.ActiveCfg = Release|Win32
		{0F69A4C4-6FBF-4F7A-B1FA-FF002115DBEA}.Release|x86.Build.0 = Release|Win32
		{D2C53D3B-B669-45E4-99F3-6BFA70844944}.Debug|x64.ActiveCfg = Debug|x64
		{D2C53D3B-B669-45E4-99F3-6BFA70844944}.Debug|x64.Build.0 = Debug|x64
		{D2C53D3B-B669-45E4-99F3-6BFA70844944}.Debug|x86.ActiveCfg = Debug|Win32
		{D2C53D3B-B669-45E4-99F3-6BFA70844944}.Debug|x86.Build.0 = Debug|Win32
		{D2C53D3B-B669-45E4-99F3-6BFA70844944}.Release|x64.ActiveCfg = Release|x64
		{D2C53D3B-B669-45E4-99F3-6BFA70844944}.Release|x64.Build.0 = Release|x64
		{D2C53D3B-B669-45E4-99F3-6BFA70844944}.Release|x86.ActiveCfg = Release|Win32
		{D2C53D3B-B669-45E4-99F3-6BFA70844944}.Release|x86.Build.0 = Release|Win32
		{EBD27F71-603A-4AF2-B904-1C3EF136F735}.Debug|x64.ActiveCfg = Debug|x64
		{EBD27F71-603A-4AF2-B904-1C3EF136F735}.Debug|x64.Build.0 = Debug|x64
		{EBD27F71-603A-4AF2-B904-1C3EF136F735}.Debug|x86.ActiveCfg = Debug|Win32
		{EBD27F71-603A-4AF2-B904-1C3EF136F735}.Debug|x86.Build.0 = Debug|Win32
		{EBD27F71-603A-4AF2-B904-1C3EF136F735}.Release|x64.ActiveCfg = Release|x64
		{EBD27F71-603A-4AF2-B904-1C3EF136F735}.Release|x64.Build.0 = Release|x64
		{EBD27F71-603A-4AF2-B904-1C3EF136F735}.Release|x86.ActiveCfg = Release|Win32
		{EBD27F71-603A-4AF2-B904-1C3EF136F735}.Release|x86.Build.0 = Release|Win32
		{A449B66C-8186-4D1D-B3D9-5DE3E004C662}.Debug|x64.ActiveCfg = Debug|x64
		{A449B66C-8186-4D1D-B3D9-5DE3E004C662}.Debug|x64.Build.0 = Debug|x64
		{A449B66C-8186-4D1D-B3D9-5DE3E004C662}.Debug|x86.ActiveCfg = Debug|Win32
		{A449B66C-8186-4D1D-B3D9-5DE3E004C662}.Debug|x86.Build.0 = Debug|Win32
		{A449B66C-8186-4D1D-B3D9-5DE3E004C662}.Release|x64.ActiveCfg = Release|x64
		{A449B66C-8186-4D1D-B3D9-5DE3E004C662}.Release|x64.Build.0 = Release|x64
		{A449B66C-8186-4D1D-B3D9-5DE3E004C662}.Release|x86.ActiveCfg = Release|Win32
		{A449B66C-8186-4D1D-B3D9-5DE3E004C662}.Release|x86.Build.0 = Release|Win32
		{6D2E67C7-8096-427C-9066-AA2BDA7B94BA}.Debug|x64.ActiveCfg = Debug|x64
		{6D2E67C7-8096-427C-9066-AA2BDA7B94BA}.Debug|x64.Build.0 = Debug|x64
		{6D2E67C7-8096-427C-9066-AA2BDA7B94BA}.Debug|x86.ActiveCfg = Debug|Win32
		{6D2E67C7-8096-427C-9066-AA2BDA7B94BA}.Debug|x86.Build.0 = Debug|Win32
		{6D2E67C7-8096-427C-9066-AA2BDA7B94BA}.Release|x64.ActiveCfg = Release|x64
		{6D2E67C7-8096-427C-9066-AA2BDA7B94BA}.Release|x64.Build.0 = Release|x64
		{6D2E67C7-8096-427C-9066-AA2BDA7B94BA}.Release|x86.ActiveCfg = Release|Win32
		{6D2E67C7-8096-427C-9066-AA2BDA7B94BA}.Release|x86.Build.0 = Release|Win32
		{214A7C9D-A7B0-46E4-AEE7-E144409E0276}.Debug|x64.ActiveCfg = Debug|x64
		{214A7C9D-A7B0-46E4-AEE7-E144409E0276}.Debug|x64.Build.0 = Debug|x64
		{214A7C9D-A7B0-46E4-AEE7-E144409E0276}.Debug|x86.ActiveCfg = Debug|Win32
		{214A7C9D-A7B0-46E4-AEE7-E144409E0276}.Debug|x86.Build.0 = Debug|Win32
		{214A7C9D-A7B0-46E4-AEE7-E144409E0276}.Release|x64.ActiveCfg = Release|x64
		{214A7C9D-A7B0-46E4-AEE7-E144409E0276}.Release|x64.Build.0 = Release|x64
		{214A7C9D-A7B0-46E4-AEE7-E144409E0276}.Release|x86.ActiveCfg = Release|Win32
		{214A7C9D-A7B0-46E4-AEE7-E144409E0276}.Release|x86.Build.0 = Release|Win32
		{82BEDBE1-3D38-4005-BAA4-B08345DE4086}.Debug|x64.ActiveCfg = Debug|x64
		{82BEDBE1-3D38-4005-BAA4-B08345DE4086}.Debug|x64.Build.0 = Debug|x64
		{82BEDBE1-3D38-4005-BAA4-B08345DE4086}.Debug|x86.ActiveCfg = Debug|Win32
		{82BEDBE1-3D38-4005-BAA4-B08345DE4086}.Debug|x86.Build.0 = Debug|Win32
		{82BEDBE1-3D38-4005-BAA4-B08345DE4086}.Release|x64.ActiveCfg = Release|x64
		{82BEDBE1-3D38-4005-BAA4-B08345DE4086}.Release|x64.Build.0 = Release|x64
		{82BEDBE1-3D38-4005-BAA4-B08345DE4086}.Release|x86.ActiveCfg = Release|Win32
		{82BEDBE1-3D38-4005-BAA4-B08345DE4086}.Release|x86.Build.0 = Release|Win32
		{4E97FCDC-B72F-4831-93D5-E214B47DA42D}.Debug|x64.ActiveCfg = Debug|x64
		{4E97FCDC-B72F-4831-93D5-E214B47DA42D}.Debug|x64.Build.0 = Debug|x64
		{4E97FCDC-B72F-4831-93D5-E214B47DA42D}.Debug|x86.ActiveCfg = Debug|Win32
		{4E97FCDC-B72F-4831-93D5-E214B47DA42D}.Debug|x86.Build.0 = Debug|Win32
		{4E97FCDC-B72F-4831-93D5-E214B47DA42D}.Release|x64.ActiveCfg = Release|x64
		{4E97FCDC-B72F-4831-93D5-E214B47DA42D}.Release|x64.Build.0 = Release|x64
		{4E97FCDC-B72F-4831-93D5-E214B47DA42D}.Release|x86.ActiveCfg = Release|Win32
		{4E97FCDC-B72F-4831-93D5-E214B47DA42D}.Release|x86.Build.0 = Release|Win32
		{E9DB5E2F-305A-4BB0-B058-7924540C9614}.Debug|x64.ActiveCfg = Debug|x64
		{E9DB5E2F-305A-4BB0-B058-7924540C9614}.Debug|x64.Build.0 = Debug|x64
		{E9DB5E2F-305A-4BB0-B058-7924540C9614}.Debug|x86.ActiveCfg = Debug|Win32
		{E9DB5E2F-305A-4BB0-B058-7924540C9614}.Debug|x86.Build.0 = Debug|Win32
		{E9DB5E2F-305A-4BB0-B058-7924540C9614}.Release|x64.ActiveCfg = Release|x64
		{E9DB5E2F-305A-4BB0-B058-7924540C9614}.Release|x64.Build.0 = Release|x64
		{E9DB5E2F-305A-4BB0-B058-7924540C9614}.Release|x86.ActiveCfg = Release|Win32
		{E9DB5E2F-305A-4BB0-B058-7924540C9614}.Release|x86.Build.0 = Release|Win32
		{3AE10E00-6730-47BA-B36A-EDFF074266C3}.Debug|x64.ActiveCfg = Debug|x64
		{3AE10E00-6730-47BA-B36A-EDFF074266C3}.Debug|x64.Build.0 = Debug|x64
		{3AE10E00-6730-47BA-B36A-EDFF074266C3}.Debug|x86.ActiveCfg = Debug|Win32
		{3AE10E00-6730-47BA-B36A-EDFF074266C3}.Debug|x86.Build.0 = Debug|Win32
		{3AE10E00-6730-47BA-B36A-EDFF074266C3}.Release|x64.ActiveCfg = Release|x64
		{3AE10E00-6730-47BA-B36A-EDFF074266C3}.Release|x64.Build.0 = Release|x64
		{3AE10E00-6730-47BA-B36A-EDFF074266C3}.Release|x86.ActiveCfg = Release|Win32
		{3AE10E00-6730-47BA-B36A-EDFF074266C3}.Release|x86.Build.0 = Release|Win32
		{E3381B96-3D12-44F6-B0FA-BA5203F8A156}.Debug|x64.ActiveCfg = Debug|x64
		{E3381B96-3D12-44F6-B0FA-BA5203F8A156}.Debug|x64.Build.0 = Debug|x64
		{E3381B96-3D12-44F6-B0FA-BA5203F8A156}.Debug|x86.ActiveCfg = Debug|Win32
		{E3381B96-3D12-44F6-B0FA-BA5203F8A156}.Debug|x86.Build.0 = Debug|Win32
		{E3381B96-3D12-44F6-B0FA-BA5203F8A156}.Release|x64.ActiveCfg = Release|x64
		{E3381B96-3D12-44F6-B0FA-BA5203F8A156}.Release|x64.Build.0 = Release|x64
		{E3381B96-3D12-44F6-B0FA-BA5203F8A156}.Release|x86.ActiveCfg = Release|Win32
		{E3381B96-3D12-44F6-B0FA-BA5203F8A156}.Release|x86.Build.0 = Release|Win32
		{94DC5B2C-CCD9-4559-95B5-AD629DD51595}.Debug|x64.ActiveCfg = Debug|x64
		{94DC5B2C-CCD9-4559-95B5-AD629DD51595}.Debug|x64.Build.0 = Debug|x64
		{94DC5B2C-CCD9-4559-95B5-AD629DD51595}.Debug|x86.ActiveCfg = Debug|Win32
		{94DC5B2C-CCD9-4559-95B5-AD629DD51595}.Debug|x86.Build.0 = Debug|Win32
		{94DC5B2C-CCD9-4559-95B5-AD629DD51595}.Release|x64.ActiveCfg = Release|x64
		{94DC5B2C-CCD9-4559-95B5-AD629DD51595}.Release|x64.Build.0 = Release|x64
		{94DC5B2C-CCD9-4559-95B5-AD629DD51595}.Release|x86.ActiveCfg = Release|Win32
		{94DC5B2C-CCD9-4559-95B5-AD629DD51595}.Release|x86.Build.0 = Release|Win32
		{C52BB7BA-E9BF-433A-9FFD-23AB24DE4067}.Debug|x64.ActiveCfg = Debug|x64
		{C52BB7BA-E9BF-433A-9FFD-23AB24DE4067}.Debug|x64.Build.0 = Debug|x64
		{C52BB7BA-E9BF-433A-9FFD-23AB24DE4067}.Debug|x86.ActiveCfg = Debug|Win32
		{C52BB7BA-E9BF-433A-9FFD-23AB24DE4067}.Debug|x86.Build.0 = Debug|Win32
		{C52BB7BA-E9BF-433A-9FFD-23AB24DE4067}.Release|x64.ActiveCfg = Release|x64
		{C52BB7BA-E9BF-433A-9FFD-23AB24DE4067}.Release|x64.Build.0 = Release|x64
		{C52BB7BA-E9BF-433A-9FFD-23AB24DE4067}.Release|x86.ActiveCfg = Release|Win32
		{C52BB7BA-E9BF-433A-9FFD-23AB24DE4067}.Release|x86.Build.0 = Release|Win32
		{B2E85229-85D4-46E3-851B-F930AF2E96DC}.Debug|x64.ActiveCfg = Debug|x64
		{B2E85229-85D4-46E3-851B-F930AF2E96DC}.Debug|x64.Build.0 = Debug|x64
		{B2E85229-85D4-46E3-851B-F930AF2E96DC}.Debug|x86.ActiveCfg = Debug|Win32
		{B2E85229-85D4-46E3-851B-F930AF2E96DC}.Debug|x86.Build.0 = Debug|Win32
		{B2E85229-85D4-46E3-851B-F930AF2E96DC}.Release|x64.ActiveCfg = Release|x64
		{B2E85229-85D4-46E3-851B-F930AF2E96DC}.Release|x64.Build.0 = Release|x64
		{B2E85229-85D4-46E3-851B-F930AF2E96DC}.Release|x86.ActiveCfg = Release|Win32
		{B2E85229-85D4-46E3-851B-F930AF2E96DC}.Release|x86.Build.0 = Release|Win32
		{2F62B838-C779-452A-889B-ABE271195833}.Debug|x64.ActiveCfg = Debug|x64
		{2F62B838-C779-452A-889B-ABE271195833}.Debug|x64.Build.0 = Debug|x64
		{2F62B838-C779-452A-889B-ABE271195833}.Debug|x86.ActiveCfg = Debug|Win32
		{2F62B838-C779-452A-889B-ABE271195833}.Debug|x86.Build.0 = Debug|Win32
		{2F62B838-C779-452A-889B-ABE271195833}.Release|x64.ActiveCfg = Release|x64
		{2F62B838-C779-452A-889B-ABE271195833}.Release|x64.Build.0 = Release|x64
		{2F62B838-C779-452A-889B-ABE271195833}.Release|x86.ActiveCfg = Release|Win32
		{2F62B838-C779-452A-889B-ABE271195833}.Release|x86.Build.0 = Release|Win32
		{0B583C88-18B6-499D-A1F5-35A1EEDF98B7}.Debug|x64.ActiveCfg = Debug|x64
		{0B583C88-18B6-499D-A1F5-35A1EEDF98B7}.Debug|x64.Build.0 = Debug|x64
		{0B583C88-18B6-499D-A1F5-35A1EEDF98B7}.Debug|x86.ActiveCfg = Debug|Win32
		{0B583C88-18B6-499D-A1F5-35A1EEDF98B7}.Debug|x86.Build.0 = Debug|Win32
		{0B583C88-18B6-499D-A1F5-35A1EEDF98B7}.Release|x64.ActiveCfg = Release|x64
		{0B583C88-18B6-499D-A1F5-35A1EEDF98B7}.Release|x64.Build.0 = Release|x64
		{0B583C88-18B6-499D-A1F5-35A1EEDF98B7}.Release|x86.ActiveCfg = Release|Win32
		{0B583C88-18B6-499D-A1F5-35A1EEDF98B7}.Release|x86.Build.0 = Release|Win32
		{3B33278B-7199-4A98-8ACF-5DD8E0DD7DBD}.Debug|x64.ActiveCfg = Debug|x64
		{3B33278B-7199-4A98-8ACF-5DD8E0DD7DBD}.Debug|x64.Build.0 = Debug|x64
		{3B33278B-7199-4A98-8ACF-5DD8E0DD7DBD}.Debug|x86.ActiveCfg = Debug|Win32
		{3B33278B-7199-4A98-8ACF-5DD8E0DD7DBD}.Debug|x86.Build.0 = Debug|Win32
		{3B33278B-7199-4A98-8ACF-5DD8E0DD7DBD}.Release|x64.ActiveCfg = Release|x64
		{3B33278B-7199-4A98-8ACF-5DD8E0DD7DBD}.Release|x64.Build.0 = Release|x64
		{3B33278B-7199-4A98-8ACF-5DD8E0DD7DBD}.Release|x86.ActiveCfg = Release|Win32
		{3B33278B-7199-4A98-8ACF-5DD8E0DD7DBD}.Release|x86.Build.0 = Release|Win32
		{30FF112B-EB97-4940-8046-B1DE534402E0}.Debug|x64.ActiveCfg = Debug|x64
		{30FF112B-EB97-4940-8046-B1DE534402E0}.Debug|x64.Build.0 = Debug|x64
		{30FF112B-EB97-4940-8046-B1DE534402E0}.Debug|x86.ActiveCfg = Debug|Win32
		{30FF112B-EB97-4940-8046-B1DE534402E0}.Debug|x86.Build.0 = Debug|Win32
		{30FF112B-EB97-4940-8046-B1DE534402E0}.Release|x64.ActiveCfg = Release|x64
		{30FF112B-EB97-4940-8046-B1DE534402E0}.Release|x64.Build.0 = Release|x64
		{30FF112B-EB97-4940-8046-B1DE534402E0}.Release|x86.ActiveCfg = Release|Win32
		{30FF112B-EB97-4940-8046-B1DE534402E0}.Release|x86.Build.0 = Release|Win32
		{BC333E18-A181-430A-ADE5-996A636763D9}.Debug|x64.ActiveCfg = Debug|x64
		{BC333E18-A181-430A-ADE5-996A636763D9}.Debug|x64.Build.0 = Debug|x64
		{BC333E18-A181-430A-ADE5-996A636763D9}.Debug|x86.ActiveCfg = Debug|Win32
		{BC333E18-A181-430A-ADE5-996A636763D9}.Debug|x86.Build.0 = Debug|Win32
		{BC333E18-A181-430A-ADE5-996A636763D9}.Release|x64.ActiveCfg = Release|x64
		{BC333E18-A181-430A-ADE5-996A636763D9}.Release|x64.Build.0 = Release|x64
		{BC333E18-A181-430A-ADE5-996A636763D9}.Release|x86.ActiveCfg = Release|Win32
		{BC333E18-A181-430A-ADE5-996A636763D9}.Release|x86.Build.0 = Release|Win32
		{7F111D9C-A793-4305-B84D-9EEA4149F30B}.Debug|x64.ActiveCfg = Debug|x64
		{7F111D9C-A793-4305-B84D-9EEA4149F30B}.Debug|x64.Build.0 = Debug|x64
		{7F111D9C-A793-4305-B84D-9EEA4149F30B}.Debug|x86.ActiveCfg = Debug|Win32
		{7F111D9C-A793-4305-B84D-9EEA4149F30B}.Debug|x86.Build.0 = Debug|Win32
		{7F111D9C-A793-4305-B84D-9EEA4149F30B}.Release|x64.ActiveCfg = Release|x64
		{7F111D9C-A793-4305-B84D-9EEA4149F30B}.Release|x64.Build.0 = Release|x64
		{7F111D9C-A793-4305-B84D-9EEA4149F30B}.Release|x86.ActiveCfg = Release|Win32
		{7F111D9C-A793-4305-B84D-9EEA4149F30B}.Release|x86.Build.0 = Release|Win32
		{CAC7B345-B484-4079-A481-4BA1939AA9B1}.Debug|x64.ActiveCfg = Debug|x64
		{CAC7B345-B484-4079-A481-4BA1939AA9B1}.Debug|x64.Build.0 = Debug|x64
		{CAC7B345-B484-4079-A481-4BA1939AA9B1}.Debug|x86.ActiveCfg = Debug|Win32
		{CAC7B345-B484-4079-A481-4BA1939AA9B1}.Debug|x86.Build.0 = Debug|Win32
		{CAC7B345-B484-4079-A481-4BA1939AA9B1}.Release|x64.ActiveCfg = Release|x64
		{CAC7B345-B484-4079-A481-4BA1939AA9B1}.Release|x64.Build.0 = Release|x64
		{CAC7B345-B484-4079-A481-4BA1939AA9B1}.Release|x86.ActiveCfg = Release|Win32
		{CAC7B345-B484-4079-A481-4BA1939AA9B1}.Release|x86.Build.0 = Release|Win32
		{7816DD62-9D4A-4173-860C-FA293EC8A01D}.Debug|x64.ActiveCfg = Debug|x64
		{7816DD62-9D4A-4173-860C-FA293EC8A01D}.Debug|x64.Build.0 = Debug|x64
		{7816DD62-9D4A-4173-860C-FA293EC8A01D}.Debug|x86.ActiveCfg = Debug|Win32
		{7816DD62-9D4A-4173-860C-FA293EC8A01D}.Debug|x86.Build.0 = Debug|Win32
		{7816DD62-9D4A-4173-860C-FA293EC8A01D}.Release|x64.ActiveCfg = Release|x64
		{7816DD62-9D4A-4173-860C-FA293EC8A01D}.Release|x64.Build.0 = Release|x64
		{7816DD62-9D4A-4173-860C-FA293EC8A01D}.Release|x86.ActiveCfg = Release|Win32
		{7816DD62-9D4A-4173-860C-FA293EC8A01D}.Release|x86.Build.0 = Release|Win32
		{4E70D165-1020-438E-A524-E199F4F5CE07}.Debug|x64.ActiveCfg = Debug|x64
		{4E70D165-1020-438E-A524-E199F4F5CE07}.Debug|x64.Build.0 = Debug|x64
		{4E70D165-1020-438E-A524-E199F4F5CE07}.Debug|x86.ActiveCfg = Debug|Win32
		{4E70D165-1020-438E-A524-E199F4F5CE07}.Debug|x86.Build.0 = Debug|Win32
		{4E70D165-1020-438E-A524-E199F4F5CE07}.Release|x64.ActiveCfg = Release|x64
		{4E70D165-1020-438E-A524-E199F4F5CE07}.Release|x64.Build.0 = Release|x64
		{4E70D165-1020-438E-A524-E199F4F5CE07}.Release|x86.ActiveCfg = Release|Win32
		{4E70D165-1020-438E-A524-E199F4F5CE07}.Release|x86.Build.0 = Release|Win32
		{FAD7442D-115B-4329-B9A0-1F53992A2CBC}.Debug|x64.ActiveCfg = Debug|x64
		{FAD7442D-115B-4329-B9A0-1F53992A2CBC}.Debug|x64.Build.0 = Debug|x64
		{FAD7442D-115B-4329-B9A0-1F53992A2CBC}.Debug|x86.ActiveCfg = Debug|Win32
		{FAD7442D-115B-4329-B9A0-1F53992A2CBC}.Debug|x86.Build.0 = Debug|Win32
		{FAD7442D-115B-4329-B9A0-1F53992A2CBC}.Release|x64.ActiveCfg = Release|x64
		{FAD7442D-115B-4329-B9A0-1F53992A2CBC}.Release|x64.Build.0 = Release|x64
		{FAD7442D-115B-4329-B9A0-1F53992A2CBC}.Release|x86.ActiveCfg = Release|Win32
		{FAD7442D-115B-4329-B9A0-1F53992A2CBC}.Release|x86.Build.0 = Release|Win32
		{701F99D0-134B-45D5-B0EA-77C9BADABB19}.Debug|x64.ActiveCfg = Debug|x64
		{701F99D0-134B-45D5-B0EA-77C9BADABB19}.Debug|x64.Build.0 = Debug|x64
		{701F99D0-134B-45D5-B0EA-77C9BADABB19}.Debug|x86.ActiveCfg = Debug|Win32
		{701F99D0-134B-45D5-B0EA-77C9BADABB19}.Debug|x86.Build.0 = Debug|Win32
		{701F99D0-134B-45D5-B0EA-77C9BADABB19}.Release|x64.ActiveCfg = Release|x64
		{701F99D0-134B-45D5-B0EA-77C9BADABB19}.Release|x64.Build.0 = Release|x64
		{701F99D0-134B-45D5-B0EA-77C9BADABB19}.Release|x86.ActiveCfg = Release|Win32
		{701F99D0-134B-45D5-B0EA-77C9BADABB19}.Release|x86.Build.0 = Release|Win32
		{40BF882F-DBC1-4B68-B5DF-B0845C487387}.Debug|x64.ActiveCfg = Debug|x64
		{40BF882F-DBC1-4B68-B5DF-B0845C487387}.Debug|x64.Build.0 = Debug|x64
		{40BF882F-DBC1-4B68-B5DF-B0845C487387}.Debug|x86.ActiveCfg = Debug|Win32
		{40BF882F-DBC1-4B68-B5DF-B0845C487387}.Debug|x86.Build.0 = Debug|Win32
		{40BF882F-DBC1-4B68-B5DF-B0845C487387}.Release|x64.ActiveCfg = Release|x64
		{40BF882F-DBC1-4B68-B5DF-B0845C487387}.Release|x64.Build.0 = Release|x64
		{40BF882F-DBC1-4B68-B5DF-B0845C487387}.Release|x86.ActiveCfg = Release|Win32
		{40BF882F-DBC1-4B68-B5DF-B0845C487387}.Release|x86.Build.0 = Release|Win32
		{CF88575D-FB9D-4C5B-93C0-1CD327DA2F8B}.Debug|x64.ActiveCfg = Debug|x64
		{CF88575D-FB9D-4C5B-93C0-1CD327DA2F8B}.Debug|x64.Build.0 = Debug|x64
		{CF88575D-FB9D-4C5B-93C0-1CD327DA2F8B}.Debug|x86.ActiveCfg = Debug|Win32
		{CF88575D-FB9D-4C5B-93C0-1CD327DA2F8B}.Debug|x86.Build.0 = Debug|Win32
		{CF88575D-FB9D-4C5B-93C0-1CD327DA2F8B}.Release|x64.ActiveCfg = Release|x64
		{CF88575D-FB9D-4C5B-93C0-1CD327DA2F8B}.Release|x64.Build.0 = Release|x64
		{CF88575D-FB9D-4C5B-93C0-1CD327DA2F8B}.Release|x86.ActiveCfg = Release|Win32
		{CF88575D-FB9D-4C5B-93C0-1CD327DA2F8B}.Release|x86.Build.0 = Release|Win32
		{9FD929D6-49A3-4225-89B9-DEFEE00C006B}.Debug|x64.ActiveCfg = Debug|x64
		{9FD929D6-49A3-4225-89B9-DEFEE00C006B}.Debug|x64.Build.0 = Debug|x64
		{9FD929D6-49A3-4225-89B9-DEFEE00C006B}.Debug|x86.ActiveCfg = Debug|Win32
		{9FD929D6-49A3-4225-89B9-DEFEE00C006B}.Debug|x86.Build.0 = Debug|Win32
		{9FD929D6-49A3-4225-89B9-DEFEE00C006B}.Release|x64.ActiveCfg = Release|x64
		{9FD929D6-49A3-4225-89B9-DEFEE00C006B}.Release|x64.Build.0 = Release|x64
		{9FD929D6-49A3-4225-89B9-DEFEE00C006B}.Release|x86.ActiveCfg = Release|Win32
		{9FD929D6-49A3-4225-89B9-DEFEE00C006B}.Release|x86.Build.0 = Release|Win32
		{6929C73A-457C-41CD-92F2-D25282DAF200}.Debug|x64.ActiveCfg = Debug|x64
		{6929C73A-457C-41CD-92F2-D25282DAF200}.Debug|x64.Build.0 = Debug|x64
		{6929C73A-457C-41CD-92F2-D25282DAF200}.Debug|x86.ActiveCfg = Debug|Win32
		{6929C73A-457C-41CD-92F2-D25282DAF200}.Debug|x86.Build.0 = Debug|Win32
		{6929C73A-457C-41CD-92F2-D25282DAF200}.Release|x64.ActiveCfg = Release|x64
		{6929C73A-457C-41CD-92F2-D25282DAF200}.Release|x64.Build.0 = Release|x64
		{6929C73A-457C-41CD-92F2-D25282DAF200}.Release|x86.ActiveCfg = Release|Win32
		{6929C73A-457C-41CD-92F2-D25282DAF200}.Release|x86.Build.0 = Release|Win32
		{257C166A-420F-49A4-A66B-9E57DFA7F8AD}.Debug|x64.ActiveCfg = Debug|x64
		{257C166A-420F-49A4-A66B-9E57DFA7F8AD}.Debug|x64.Build.0 = Debug|x64
		{257C166A-420F-49A4-A66B-9E57DFA7F8AD}.Debug|x86.ActiveCfg = Debug|Win32
		{257C166A-420F-49A4-A66B-9E57DFA7F8AD}.Debug|x86.Build.0 = Debug|Win32
		{257C166A-420F-49A4-A66B-9E57DFA7F8AD}.Release|x64.ActiveCfg = Release|x64
		{257C166A-420F-49A4-A66B-9E57DFA7F8AD}.Release|x64.Build.0 = Release|x64
		{257C166A-420F-49A4-A66B-9E57DFA7F8AD}.Release|x86.ActiveCfg = Release|Win32
		{257C166A-420F-49A4-A66B-9E57DFA7F8AD}.Release|x86.Build.0 = Release|Win32
		{3482B5EC-10C1-4AA4-BDDB-56652A0FE61E}.Debug|x64.ActiveCfg = Debug|x64
		{3482B5EC-10C1-4AA4-BDDB-56652A0FE61E}.Debug|x64.Build.0 = Debug|x64
		{3482B5EC-10C1-4AA4-BDDB-56652A0FE61E}.Debug|x86.ActiveCfg = Debug|Win32
		{3482B5EC-10C1-4AA4-BDDB-56652A0FE61E}.Debug|x86.Build.0 = Debug|Win32
		{3482B5EC-10C1-4AA4-BDDB-56652A0FE61E}.Release|x64.ActiveCfg = Release|x64
		{3482B5EC-10C1-4AA4-BDDB-56652A0FE61E}.Release|x64.Build.0 = Release|x64
		{3482B5EC-10C1-4AA4-BDDB-56652A0FE61E}.Release|x86.ActiveCfg = Release|Win32
		{3482B5EC-10C1-4AA4-BDDB-56652A0FE61E}.Release|x86.Build.0 = Release|Win32
		{FC1EB806-745B-4DB0-BBEC-AC7F5276D285}.Debug|x64.ActiveCfg = Debug|x64
		{FC1EB806-745B-4DB0-BBEC-AC7F5276D285}.Debug|x64.Build.0 = Debug|x64
		{FC1EB806-745B-4DB0-BBEC-AC7F5276D285}.Debug|x86.ActiveCfg = Debug|Win32
		{FC1EB806-745B-4DB0-BBEC-AC7F5276D285}.Debug|x86.Build.0 = Debug|Win32
		{FC1EB806-745B-4DB0-BBEC-AC7F5276D285}.Release|x64.ActiveCfg = Release|x64
		{FC1EB806-745B-4DB0-BBEC-AC7F5276D285}.Release|x64.Build.0 = Release|x64
		{FC1EB806-745B-4DB0-BBEC-AC7F5276D285}.Release|x86.ActiveCfg = Release|Win32
		{FC1EB806-745B-4DB0-BBEC-AC7F5276D285}.Release|x86.Build.0 = Release|Win32
		{DB00B1BD-06B1-4403-B70F-50CB71192605}.Debug|x64.ActiveCfg = Debug|x64
		{DB00B1BD-06B1-4403-B70F-50CB71192605}.Debug|x64.Build.0 = Debug|x64
		{DB00B1BD-06B1-4403-B70F-50CB71192605}.Debug|x86.ActiveCfg = Debug|Win32
		{DB00B1BD-06B1-4403-B70F-50CB71192605}.Debug|x86.Build.0 = Debug|Win32
		{DB00B1BD-06B1-4403-B70F-50CB71192605}.Release|x64.ActiveCfg = Release|x64
		{DB00B1BD-06B1-4403-B70F-50CB71192605}.Release|x64.Build.0 = Release|x64
		{DB00B1BD-06B1-4403-B70F-50CB71192605}.Release|x86.ActiveCfg = Release|Win32
		{DB00B1BD-06B1-4403-B70F-50CB71192605}.Release|x86.Build.0 = Release|Win32
		{82E68C88-8D0B-4E1D-9651-860363D5C62F}.Debug|x64.ActiveCfg = Debug|x64
		{82E68C88-8D0B-4E1D-9651-860363D5C62F}.Debug|x64.Build.0 = Debug|x64
		{82E68C88-8D0B-4E1D-9651-860363D5C62F}.Debug|x86.ActiveCfg = Debug|Win32
		{82E68C88-8D0B-4E1D-9651-860363D5C62F}.Debug|x86.Build.0 = Debug|Win32
		{82E68C88-8D0B-4E1D-9651-860363D5C62F}.Release|x64.ActiveCfg = Release|x64
		{82E68C88-8D0B-4E1D-9651-860363D5C62F}.Release|x64.Build.0 = Release|x64
		{82E68C88-8D0B-4E1D-9651-860363D5C62F}.Release|x86.ActiveCfg = Release|Win32
		{82E68C88-8D0B-4E1D-9651-860363D5C62F}.Release|x86.Build.0 = Release|Win32
		{3AD96B7D-ACA5-415C-A0EA-647926FA2A41}.Debug|x64.ActiveCfg = Debug|x64
		{3AD96B7D-ACA5-415C-A0EA-647926FA2A41}.Debug|x64.Build.0 = Debug|x64
		{3AD96B7D-ACA5-415C-A0EA-647926FA2A41}.Debug|x86.ActiveCfg = Debug|Win32
		{3AD96B7D-ACA5-415C-A0EA-647926FA2A41}.Debug|x86.Build.0 = Debug|Win32
		{3AD96B7D-ACA5-415C-A0EA-647926FA2A41}.Release|x64.ActiveCfg = Release|x64
		{3AD96B7D-ACA5-415C-A0EA-647926FA2A41}.Release|x64.Build.0 = Release|x64
		{3AD96B7D-ACA5-415C-A0EA-647926FA2A41}.Release|x86.ActiveCfg = Release|Win32
		{3AD96B7D-ACA5-415C-A0EA-647926FA2A41}.Release|x86.Build.0 = Release|Win32
		{B52BF787-699E-4B29-92D6-7AC9945C5100}.Debug|x64.ActiveCfg = Debug|x64
		{B52BF787-699E-4B29-92D6-7AC9945C5100}.Debug|x64.Build.0 = Debug|x64
		{B52BF787-699E-4B29-92D6-7AC9945C5100}.Debug|x86.ActiveCfg = Debug|Win32
		{B52BF787-699E-4B29-92D6-7AC9945C5100}.Debug|x86.Build.0 = Debug|Win32
		{B52BF787-699E-4B29-92D6-7AC9945C5100}.Release|x64.ActiveCfg = Release|x64
		{B52BF787-699E-4B29-92D6-7AC9945C5100}.Release|x64.Build.0 = Release|x64
		{B52BF787-699E-4B29-92D6-7AC9945C5100}.Release|x86.ActiveCfg = Release|Win32
		{B52BF787-699E-4B29-92D6-7AC9945C5100}.Release|x86.Build.0 = Release|Win32
		{C4CEED7A-7B65-4FDD-B950-DB7A708CE48C}.Debug|x64.ActiveCfg = Debug|x64
		{C4CEED7A-7B65-4FDD-B950-DB7A708CE48C}.Debug|x64.Build.0 = Debug|x64
		{C4CEED7A-7B65-4FDD-B950-DB7A708CE48C}.Debug|x86.ActiveCfg = Debug|Win32
		{C4CEED7A-7B65-4FDD-B950-DB7A708CE48C}.Debug|x86.Build.0 = Debug|Win32
		{C4CEED7A-7B65-4FDD-B950-DB7A708CE48C}.Release|x64.ActiveCfg = Release|x64
		{C4CEED7A-7B65-4FDD-B950-DB7A708CE48C}.Release|x64.Build.0 = Release|x64
		{C4CEED7A-7B65-4FDD-B950-DB7A708CE48C}.Release|x86.ActiveCfg = Release|Win32
		{C4CEED7A-7B65-4FDD-B950-DB7A708CE48C}.Release|x86.Build.0 = Release|Win32
		{527A1652-06A3-414B-BFFF-ADA02B340F44}.Debug|x64.ActiveCfg = Debug|x64
		{527A1652-06A3-414B-BFFF-ADA02B340F44}.Debug|x64.Build.0 = Debug|x64
		{527A1652-06A3-414B-BFFF-ADA02B340F44}.Debug|x86.ActiveCfg = Debug|Win32
		{527A1652-06A3-414B-BFFF-ADA02B340F44}.Debug|x86.Build.0 = Debug|Win32
		{527A1652-06A3-414B-BFFF-ADA02B340F44}.Release|x64.ActiveCfg = Release|x64
		{527A1652-06A3-414B-BFFF-ADA02B340F44}.Release|x64.Build.0 = Release|x64
		{527A1652-06A3-414B-BFFF-ADA02B340F44}.Release|x86.ActiveCfg = Release|Win32
		{527A1652-06A3-414B-BFFF-ADA02B340F44}.Release|x86.Build.0 = Release|Win32
		{54CD5C0D-9802-47B9-AAB3-91B9D7F7DE40}.Debug|x64.ActiveCfg = Debug|x64
		{54CD5C0D-9802-47B9-AAB3-91B9D7F7DE40}.Debug|x64.Build.0 = Debug|x64
		{54CD5C0D-9802-47B9-AAB3-91B9D7F7DE40}.Debug|x86.ActiveCfg = Debug|Win32
		{54CD5C0D-9802-47B9-AAB3-91B9D7F7DE40}.Debug|x86.Build.0 = Debug|Win32
		{54CD5C0D-9802-47B9-AAB3-91B9D7F7DE40}.Release|x64.ActiveCfg = Release|x64
		{54CD5C0D-9802-47B9-AAB3-91B9D7F7DE40}.Release|x64.Build.0 = Release|x64
		{54CD5C0D-9802-47B9-AAB3-91B9D7F7DE40}.Release|x86.ActiveCfg = Release|Win32
		{54CD5C0D-9802-47B9-AAB3-91B9D7F7DE40}.Release|x86.Build.0 = Release|Win32
		{14DCC13C-4673-47ED-AEB4-88E60D0BE0E5}.Debug|x64.ActiveCfg = Debug|x64
		{14DCC13C-4673-47ED-AEB4-88E60D0BE0E5}.Debug|x64.Build.0 = Debug|x64
		{14DCC13C-4673-47ED-AEB4-88E60D0BE0E5}.Debug|x86.ActiveCfg = Debug|Win32
		{14DCC13C-4673-47ED-AEB4-88E60D0BE0E5}.Debug|x86.Build.0 = Debug|Win32
		{14DCC13C-4673-47ED-AEB4-88E60D0BE0E5}.Release|x64.ActiveCfg = Release|x64
		{14DCC13C-4673-47ED-AEB4-88E60D0BE0E5}.Release|x64.Build.0 = Release|x64
		{14DCC13C-4673-47ED-AEB4-88E60D0BE0E5}.Release|x86.ActiveCfg = Release|Win32
		{14DCC13C-4673-47ED-AEB4-88E60D0BE0E5}.Release|x86.Build.0 = Release|Win32
		{7ECD6133-56DA-4E78-A623-208B57BF8000}.Debug|x64.ActiveCfg = Debug|x64
		{7ECD6133-56DA-4E78-A623-208B57BF8000}.Debug|x64.Build.0 = Debug|x64
		{7ECD6133-56DA-4E78-A623-208B57BF8000}.Debug|x86.ActiveCfg = Debug|Win32
		{7ECD6133-56DA-4E78-A623-208B57BF8000}.Debug|x86.Build.0 = Debug|Win32
		{7ECD6133-56DA-4E78-A623-208B57BF8000}.Release|x64.ActiveCfg = Release|x64
		{7ECD6133-56DA-4E78-A623-208B57BF8000}.Release|x64.Build.0 = Release|x64
		{7ECD6133-56DA-4E78-A623-208B57BF8000}.Release|x86.ActiveCfg = Release|Win32
		{7ECD6133-56DA-4E78-A623-208B57BF8000}.Release|x86.Build.0 = Release|Win32
		{A2899444-6C9C-4497-99B1-8AE69E267903}.Debug|x64.ActiveCfg = Debug|x64
		{A2899444-6C9C-4497-99B1-8AE69E267903}.Debug|x64.Build.0 = Debug|x64
		{A2899444-6C9C-4497-99B1-8AE69E267903}.Debug|x86.ActiveCfg = Debug|Win32
		{A2899444-6C9C-4497-99B1-8AE69E267903}.Debug|x86.Build.0 = Debug|Win32
		{A2899444-6C9C-4497-99B1-8AE69E267903}.Release|x64.ActiveCfg = Release|x64
		{A2899444-6C9C-4497-99B1-8AE69E267903}.Release|x64.Build.0 = Release|x64
		{A2899444-6C9C-4497-99B1-8AE69E267903}.Release|x86.ActiveCfg = Release|Win32
		{A2899444-6C9C-4497-99B1-8AE69E267903}.Release|x86.Build.0 = Release|Win32
		{1EFD3932-EB43-4963-928E-53A74370536C}.Debug|x64.ActiveCfg = Debug|x64
		{1EFD3932-EB43-4963-928E-53A74370536C}.Debug|x64.Build.0 = Debug|x64
		{1EFD3932-EB43-4963-928E-53A74370536C}.Debug|x86.ActiveCfg = Debug|Win32
		{1EFD3932-EB43-4963-928E-53A74370536C}.Debug|x86.Build.0 = Debug|Win32
		{1EFD3932-EB43-4963-928E-53A74370536C}.Release|x64.ActiveCfg = Release|x64
		{1EFD3932-EB43-4963-928E-53A74370536C}.Release|x64.Build.0 = Release|x64
		{1EFD3932-EB43-4963-928E-53A74370536C}.Release|x86.ActiveCfg = Release|Win32
		{1EFD3932-EB43-4963-928E-53A74370536C}.Release|x86.Build.0 = Release|Win32
		{2573F6DD-F285-45E7-BE08-E4D5CB6278CF}.Debug|x64.ActiveCfg = Debug|x64
		{2573F6DD-F285-45E7-BE08-E4D5CB6278CF}.Debug|x64.Build.0 = Debug|x64
		{2573F6DD-F285-45E7-BE08-E4D5CB6278CF}.Debug|x86.ActiveCfg = Debug|Win32
		{2573F6DD-F285-45E7-BE08-E4D5CB6278CF}.Debug|x86.Build.0 = Debug|Win32
		{2573F6DD-F285-45E7-BE08-E4D5CB6278CF}.Release|x64.ActiveCfg = Release|x64
		{2573F6DD-F285-45E7-BE08-E4D5CB6278CF}.Release|x64.Build.0 = Release|x64
		{2573F6DD-F285-45E7-BE08-E4D5CB6278CF}.Release|x86.ActiveCfg = Release|Win32
		{2573F6DD-F285-45E7-BE08-E4D5CB6278CF}.Release|x86.Build.0 = Release|Win32
		{8793D8CD-5B48-4DAD-A25F-84FDEFD85AF4}.Debug|x64.ActiveCfg = Debug|x64
		{8793D8CD-5B48-4DAD-A25F-84FDEFD85AF4}.Debug|x64.Build.0 = Debug|x64
		{8793D8CD-5B48-4DAD-A25F-84FDEFD85AF4}.Debug|x86.ActiveCfg = Debug|Win32
		{8793D8CD-5B48-4DAD-A25F-84FDEFD85AF4}.Debug|x86.Build.0 = Debug|Win32
		{8793D8CD-5B48-4DAD-A25F-84FDEFD85AF4}.Release|x64.ActiveCfg = Release|x64
		{8793D8CD-5B48-4DAD-A25F-84FDEFD85AF4}.Release|x64.Build.0 = Release|x64
		{8793D8CD-5B48-4DAD-A25F-84FDEFD85AF4}.Release|x86.ActiveCfg = Release|Win32
		{8793D8CD-5B48-4DAD-A25F-84FDEFD85AF4}.Release|x86.Build.0 = Release|Win32
	EndGlobalSection
	GlobalSection(SolutionProperties) = preSolution
		HideSolutionNode = FALSE
	EndGlobalSection
	GlobalSection(NestedProjects) = preSolution
		{1BD83952-7E19-4FAE-9154-A61C3A43524E} = {3EF234CC-3012-404F-802D-621081080D6D}
		{93D5D471-0B33-4285-A291-4926AE36EFCA} = {3EF234CC-3012-404F-802D-621081080D6D}
		{4099833D-5965-4CD9-9EC6-36C4EFD77891} = {3EF234CC-3012-404F-802D-621081080D6D}
		{720AFBDF-E6ED-4A99-A9FB-49EF9C8DF642} = {9A52A7B5-99E5-459E-A797-E9D834CA308E}
		{41915CF6-2648-4C77-BC60-6586CB7D1DA5} = {9A52A7B5-99E5-459E-A797-E9D834CA308E}
		{D8F261AF-49D3-4292-9E64-E074D7B7E711} = {9A52A7B5-99E5-459E-A797-E9D834CA308E}
		{D7F4AA2B-BCD7-412C-86EF-ECF01CC337FB} = {9A52A7B5-99E5-459E-A797-E9D834CA308E}
		{F3A7A8D0-EACD-496A-8186-04BC26EF409C} = {9A52A7B5-99E5-459E-A797-E9D834CA308E}
		{BB31643F-5F5E-4EEF-B486-305C43105091} = {9A52A7B5-99E5-459E-A797-E9D834CA308E}
		{A44DAAC8-88D0-4B19-A71A-A274457B109D} = {9A52A7B5-99E5-459E-A797-E9D834CA308E}
		{78023B8A-2BBE-478F-B7B7-C37D5BD596DE} = {9A52A7B5-99E5-459E-A797-E9D834CA308E}
		{08039AE0-811F-4539-A217-43C7B9082312} = {9A52A7B5-99E5-459E-A797-E9D834CA308E}
		{259ED71B-5A0A-4AD2-8E0F-E2302DF3E881} = {6841EB54-24F4-4A61-A54A-163BFA7F7989}
		{28F62262-4F00-4371-9934-9E9CDF5A6879} = {6841EB54-24F4-4A61-A54A-163BFA7F7989}
		{758D12EA-8DC4-44CF-AA77-7575FF1C8EA2} = {6841EB54-24F4-4A61-A54A-163BFA7F7989}
		{BBD85164-A6CE-4088-AE80-5BED61A66B7E} = {6841EB54-24F4-4A61-A54A-163BFA7F7989}
		{3A28F04A-8891-4AAB-B6FC-79541C407AE6} = {6841EB54-24F4-4A61-A54A-163BFA7F7989}
		{986CB39F-CB92-4919-B99C-301DE8CBBBFB} = {6841EB54-24F4-4A61-A54A-163BFA7F7989}
		{9A52A7B5-99E5-459E-A797-E9D834CA308E} = {B31E763C-414B-41BD-9974-929749A43803}
		{6841EB54-24F4-4A61-A54A-163BFA7F7989} = {B31E763C-414B-41BD-9974-929749A43803}
		{DDA632BD-43A9-400C-8570-07B3A6DEAE65} = {6841EB54-24F4-4A61-A54A-163BFA7F7989}
		{577B9352-2614-497C-A142-0AC02458EC0E} = {130F4980-2822-4569-A015-3C5028585DB2}
		{484628B4-0A4D-46E2-A25B-AC8AB8354A11} = {3EF234CC-3012-404F-802D-621081080D6D}
		{A44685E4-1EDB-40FC-A35E-6C9B5A6653F5} = {9A52A7B5-99E5-459E-A797-E9D834CA308E}
		{0F69A4C4-6FBF-4F7A-B1FA-FF002115DBEA} = {9A52A7B5-99E5-459E-A797-E9D834CA308E}
		{D2C53D3B-B669-45E4-99F3-6BFA70844944} = {9A52A7B5-99E5-459E-A797-E9D834CA308E}
		{3EAA55A9-2172-4652-A0A7-D59CB2A1607E} = {B31E763C-414B-41BD-9974-929749A43803}
		{EBD27F71-603A-4AF2-B904-1C3EF136F735} = {3EAA55A9-2172-4652-A0A7-D59CB2A1607E}
		{68122C6A-D157-46DF-9767-69C69745F502} = {B31E763C-414B-41BD-9974-929749A43803}
		{A449B66C-8186-4D1D-B3D9-5DE3E004C662} = {C212BDB1-4416-4C3C-A080-1EC2DAF71D0D}
		{4676AF86-147C-4D16-BC86-EE61941E69B6} = {B31E763C-414B-41BD-9974-929749A43803}
		{6D2E67C7-8096-427C-9066-AA2BDA7B94BA} = {4676AF86-147C-4D16-BC86-EE61941E69B6}
		{214A7C9D-A7B0-46E4-AEE7-E144409E0276} = {4676AF86-147C-4D16-BC86-EE61941E69B6}
		{82BEDBE1-3D38-4005-BAA4-B08345DE4086} = {4676AF86-147C-4D16-BC86-EE61941E69B6}
		{4E97FCDC-B72F-4831-93D5-E214B47DA42D} = {4676AF86-147C-4D16-BC86-EE61941E69B6}
		{E9DB5E2F-305A-4BB0-B058-7924540C9614} = {4676AF86-147C-4D16-BC86-EE61941E69B6}
		{3AE10E00-6730-47BA-B36A-EDFF074266C3} = {4676AF86-147C-4D16-BC86-EE61941E69B6}
		{E3381B96-3D12-44F6-B0FA-BA5203F8A156} = {4676AF86-147C-4D16-BC86-EE61941E69B6}
		{94DC5B2C-CCD9-4559-95B5-AD629DD51595} = {4676AF86-147C-4D16-BC86-EE61941E69B6}
		{C52BB7BA-E9BF-433A-9FFD-23AB24DE4067} = {4676AF86-147C-4D16-BC86-EE61941E69B6}
		{B2E85229-85D4-46E3-851B-F930AF2E96DC} = {4676AF86-147C-4D16-BC86-EE61941E69B6}
		{2F62B838-C779-452A-889B-ABE271195833} = {4676AF86-147C-4D16-BC86-EE61941E69B6}
		{0B583C88-18B6-499D-A1F5-35A1EEDF98B7} = {4676AF86-147C-4D16-BC86-EE61941E69B6}
		{3B33278B-7199-4A98-8ACF-5DD8E0DD7DBD} = {4676AF86-147C-4D16-BC86-EE61941E69B6}
		{30FF112B-EB97-4940-8046-B1DE534402E0} = {4676AF86-147C-4D16-BC86-EE61941E69B6}
		{BC333E18-A181-430A-ADE5-996A636763D9} = {4676AF86-147C-4D16-BC86-EE61941E69B6}
		{7F111D9C-A793-4305-B84D-9EEA4149F30B} = {4676AF86-147C-4D16-BC86-EE61941E69B6}
		{CAC7B345-B484-4079-A481-4BA1939AA9B1} = {4676AF86-147C-4D16-BC86-EE61941E69B6}
		{7816DD62-9D4A-4173-860C-FA293EC8A01D} = {4676AF86-147C-4D16-BC86-EE61941E69B6}
		{4E70D165-1020-438E-A524-E199F4F5CE07} = {4676AF86-147C-4D16-BC86-EE61941E69B6}
		{FAD7442D-115B-4329-B9A0-1F53992A2CBC} = {4676AF86-147C-4D16-BC86-EE61941E69B6}
		{701F99D0-134B-45D5-B0EA-77C9BADABB19} = {4676AF86-147C-4D16-BC86-EE61941E69B6}
		{40BF882F-DBC1-4B68-B5DF-B0845C487387} = {4676AF86-147C-4D16-BC86-EE61941E69B6}
		{CF88575D-FB9D-4C5B-93C0-1CD327DA2F8B} = {4676AF86-147C-4D16-BC86-EE61941E69B6}
		{9FD929D6-49A3-4225-89B9-DEFEE00C006B} = {4676AF86-147C-4D16-BC86-EE61941E69B6}
		{6929C73A-457C-41CD-92F2-D25282DAF200} = {4676AF86-147C-4D16-BC86-EE61941E69B6}
		{257C166A-420F-49A4-A66B-9E57DFA7F8AD} = {4676AF86-147C-4D16-BC86-EE61941E69B6}
		{3482B5EC-10C1-4AA4-BDDB-56652A0FE61E} = {4676AF86-147C-4D16-BC86-EE61941E69B6}
		{FC1EB806-745B-4DB0-BBEC-AC7F5276D285} = {4676AF86-147C-4D16-BC86-EE61941E69B6}
		{DB00B1BD-06B1-4403-B70F-50CB71192605} = {4676AF86-147C-4D16-BC86-EE61941E69B6}
		{82E68C88-8D0B-4E1D-9651-860363D5C62F} = {C212BDB1-4416-4C3C-A080-1EC2DAF71D0D}
		{3AD96B7D-ACA5-415C-A0EA-647926FA2A41} = {B1902F21-B74F-4FC9-8E18-20F4BF452A32}
		{B52BF787-699E-4B29-92D6-7AC9945C5100} = {A2C12771-0C4E-49E6-9010-D63BEB43D8AD}
		{C4CEED7A-7B65-4FDD-B950-DB7A708CE48C} = {B1902F21-B74F-4FC9-8E18-20F4BF452A32}
		{527A1652-06A3-414B-BFFF-ADA02B340F44} = {97016AFC-9709-4542-8C2D-C605C3610FCF}
		{54CD5C0D-9802-47B9-AAB3-91B9D7F7DE40} = {97016AFC-9709-4542-8C2D-C605C3610FCF}
		{C212BDB1-4416-4C3C-A080-1EC2DAF71D0D} = {68122C6A-D157-46DF-9767-69C69745F502}
		{B1902F21-B74F-4FC9-8E18-20F4BF452A32} = {68122C6A-D157-46DF-9767-69C69745F502}
		{326BE97B-34E9-44D6-9EDE-45D843CC3B44} = {68122C6A-D157-46DF-9767-69C69745F502}
		{97016AFC-9709-4542-8C2D-C605C3610FCF} = {68122C6A-D157-46DF-9767-69C69745F502}
		{14DCC13C-4673-47ED-AEB4-88E60D0BE0E5} = {97016AFC-9709-4542-8C2D-C605C3610FCF}
		{A2C12771-0C4E-49E6-9010-D63BEB43D8AD} = {68122C6A-D157-46DF-9767-69C69745F502}
		{7ECD6133-56DA-4E78-A623-208B57BF8000} = {326BE97B-34E9-44D6-9EDE-45D843CC3B44}
		{ECBC2989-98F2-4C48-BDD9-6A2B06034788} = {68122C6A-D157-46DF-9767-69C69745F502}
		{A2899444-6C9C-4497-99B1-8AE69E267903} = {ECBC2989-98F2-4C48-BDD9-6A2B06034788}
		{319A229D-08A4-47E4-A48A-46ABCC79F10C} = {68122C6A-D157-46DF-9767-69C69745F502}
		{1EFD3932-EB43-4963-928E-53A74370536C} = {319A229D-08A4-47E4-A48A-46ABCC79F10C}
		{2573F6DD-F285-45E7-BE08-E4D5CB6278CF} = {319A229D-08A4-47E4-A48A-46ABCC79F10C}
		{8793D8CD-5B48-4DAD-A25F-84FDEFD85AF4} = {319A229D-08A4-47E4-A48A-46ABCC79F10C}
	EndGlobalSection
	GlobalSection(ExtensibilityGlobals) = postSolution
		SolutionGuid = {52770C95-AEF2-430D-8C91-D40C32B94650}
	EndGlobalSection
EndGlobal
