<?xml version="1.0" encoding="utf-8"?>
<Project ToolsVersion="4.0" xmlns="http://schemas.microsoft.com/developer/msbuild/2003">
  <ItemGroup>
    <Filter Include="소스 파일">
      <UniqueIdentifier>{4FC737F1-C7A5-4376-A066-2A32D752A2FF}</UniqueIdentifier>
      <Extensions>cpp;c;cc;cxx;def;odl;idl;hpj;bat;asm;asmx</Extensions>
    </Filter>
    <Filter Include="헤더 파일">
      <UniqueIdentifier>{93995380-89BD-4b04-88EB-625FBE52EBFB}</UniqueIdentifier>
      <Extensions>h;hh;hpp;hxx;hm;inl;inc;ipp;xsd</Extensions>
    </Filter>
    <Filter Include="TServerCallFunction">
      <UniqueIdentifier>{ec3f2b89-b9c6-4c3f-99fa-f1902298ea4e}</UniqueIdentifier>
    </Filter>
    <Filter Include="Core">
      <UniqueIdentifier>{243f00cc-8e16-420b-9d24-08e65ddebe05}</UniqueIdentifier>
    </Filter>
    <Filter Include="Core\헤더 파일">
      <UniqueIdentifier>{32c61cfe-688f-497c-9bc1-e136a697f61e}</UniqueIdentifier>
    </Filter>
    <Filter Include="Core\소스 파일">
      <UniqueIdentifier>{da4e372d-e3f8-4b32-8f20-2be3c0d68e8c}</UniqueIdentifier>
    </Filter>
  </ItemGroup>
  <ItemGroup>
    <ClInclude Include="TAcceptor.h">
      <Filter>헤더 파일</Filter>
    </ClInclude>
    <ClInclude Include="FVector.h">
      <Filter>헤더 파일</Filter>
    </ClInclude>
    <ClInclude Include="TUser.h">
      <Filter>헤더 파일</Filter>
    </ClInclude>
    <ClInclude Include="TCharacter.h">
      <Filter>헤더 파일</Filter>
    </ClInclude>
    <ClInclude Include="TNPC.h">
      <Filter>헤더 파일</Filter>
    </ClInclude>
    <ClInclude Include="TTargetPointMgr.h">
      <Filter>헤더 파일</Filter>
    </ClInclude>
    <ClInclude Include="TServer.h">
      <Filter>TServerCallFunction</Filter>
    </ClInclude>
    <ClInclude Include="TProtocol.h">
      <Filter>Core\헤더 파일</Filter>
    </ClInclude>
    <ClInclude Include="TServerObj.h">
      <Filter>Core\헤더 파일</Filter>
    </ClInclude>
    <ClInclude Include="TServerStd.h">
      <Filter>Core\헤더 파일</Filter>
    </ClInclude>
    <ClInclude Include="TSynchronize.h">
      <Filter>Core\헤더 파일</Filter>
    </ClInclude>
    <ClInclude Include="TDebugString.h">
      <Filter>Core\헤더 파일</Filter>
    </ClInclude>
    <ClInclude Include="TStreamPacket.h">
      <Filter>Core\헤더 파일</Filter>
    </ClInclude>
    <ClInclude Include="TThread.h">
      <Filter>Core\헤더 파일</Filter>
    </ClInclude>
    <ClInclude Include="TServerIOCP.h">
      <Filter>Core\헤더 파일</Filter>
    </ClInclude>
    <ClInclude Include="TWorkThread.h">
      <Filter>헤더 파일</Filter>
    </ClInclude>
  </ItemGroup>
  <ItemGroup>
    <ClCompile Include="TAcceptor.cpp">
      <Filter>소스 파일</Filter>
    </ClCompile>
    <ClCompile Include="FVector.cpp">
      <Filter>소스 파일</Filter>
    </ClCompile>
    <ClCompile Include="TUser.cpp">
      <Filter>소스 파일</Filter>
    </ClCompile>
    <ClCompile Include="TCharacter.cpp">
      <Filter>소스 파일</Filter>
    </ClCompile>
    <ClCompile Include="TNPC.cpp">
      <Filter>소스 파일</Filter>
    </ClCompile>
    <ClCompile Include="TTargetPointMgr.cpp">
      <Filter>소스 파일</Filter>
    </ClCompile>
    <ClCompile Include="TServer.cpp">
      <Filter>TServerCallFunction</Filter>
    </ClCompile>
    <ClCompile Include="TServerCallFuncion.cpp">
      <Filter>TServerCallFunction</Filter>
    </ClCompile>
    <ClCompile Include="TServerChatCallFuncion.cpp">
      <Filter>TServerCallFunction</Filter>
    </ClCompile>
    <ClCompile Include="TServerLoginAccountCallFunction.cpp">
      <Filter>TServerCallFunction</Filter>
    </ClCompile>
    <ClCompile Include="TServerNPCCallFunction.cpp">
      <Filter>TServerCallFunction</Filter>
    </ClCompile>
    <ClCompile Include="TServerZoneCallFuncion.cpp">
      <Filter>TServerCallFunction</Filter>
    </ClCompile>
    <ClCompile Include="TServerObj.cpp">
      <Filter>Core\소스 파일</Filter>
    </ClCompile>
    <ClCompile Include="TSynchronize.cpp">
      <Filter>Core\소스 파일</Filter>
    </ClCompile>
    <ClCompile Include="TDebugString.cpp">
      <Filter>Core\소스 파일</Filter>
    </ClCompile>
    <ClCompile Include="TStreamPacket.cpp">
      <Filter>Core\소스 파일</Filter>
    </ClCompile>
    <ClCompile Include="TThread.cpp">
      <Filter>Core\소스 파일</Filter>
    </ClCompile>
    <ClCompile Include="TServerIOCP.cpp">
      <Filter>Core\소스 파일</Filter>
    </ClCompile>
    <ClCompile Include="TWorkThread.cpp">
      <Filter>소스 파일</Filter>
    </ClCompile>
  </ItemGroup>
</Project>