<?xml version="1.0" encoding="utf-8"?>
<Project ToolsVersion="4.0" xmlns="http://schemas.microsoft.com/developer/msbuild/2003">
  <ItemGroup>
    <Filter Include="소스 파일">
      <UniqueIdentifier>{4FC737F1-C7A5-4376-A066-2A32D752A2FF}</UniqueIdentifier>
      <Extensions>cpp;c;cc;cxx;def;odl;idl;hpj;bat;asm;asmx</Extensions>
    </Filter>
    <Filter Include="헤더 파일">
      <UniqueIdentifier>{93995380-89BD-4b04-88EB-625FBE52EBFB}</UniqueIdentifier>
      <Extensions>h;hh;hpp;hxx;hm;inl;inc;ipp;xsd</Extensions>
    </Filter>
    <Filter Include="리소스 파일">
      <UniqueIdentifier>{67DA6AB6-F800-4c08-8B7A-83BB121AAD01}</UniqueIdentifier>
      <Extensions>rc;ico;cur;bmp;dlg;rc2;rct;bin;rgs;gif;jpg;jpeg;jpe;resx;tiff;tif;png;wav;mfcribbon-ms</Extensions>
    </Filter>
    <Filter Include="Window">
      <UniqueIdentifier>{374668cb-fc65-4265-8562-3d4bf312947e}</UniqueIdentifier>
    </Filter>
    <Filter Include="Texture">
      <UniqueIdentifier>{49157137-e805-49ee-b65b-37dbac40c183}</UniqueIdentifier>
    </Filter>
    <Filter Include="Object">
      <UniqueIdentifier>{268dcd3c-56b8-491d-99ae-3bd8c2ae9db5}</UniqueIdentifier>
    </Filter>
    <Filter Include="SCENE">
      <UniqueIdentifier>{a3d90bcb-3c5f-4c4c-b2d0-da533e47ae1a}</UniqueIdentifier>
    </Filter>
    <Filter Include="FSM">
      <UniqueIdentifier>{8361161f-51e0-4b47-98bc-99b5b2329312}</UniqueIdentifier>
    </Filter>
    <Filter Include="Utility">
      <UniqueIdentifier>{223787ea-3b58-4de1-b1ff-c9baab053cb1}</UniqueIdentifier>
    </Filter>
  </ItemGroup>
  <ItemGroup>
    <ClCompile Include="Sample.cpp">
      <Filter>소스 파일</Filter>
    </ClCompile>
    <ClCompile Include="xTexture.cpp">
      <Filter>Texture</Filter>
    </ClCompile>
    <ClCompile Include="xTexManager.cpp">
      <Filter>Texture</Filter>
    </ClCompile>
    <ClCompile Include="xShaderManager.cpp">
      <Filter>Texture</Filter>
    </ClCompile>
    <ClCompile Include="xShader.cpp">
      <Filter>Texture</Filter>
    </ClCompile>
    <ClCompile Include="xObject.cpp">
      <Filter>Object</Filter>
    </ClCompile>
    <ClCompile Include="xObject_2D.cpp">
      <Filter>Object</Filter>
    </ClCompile>
    <ClCompile Include="TNPCObject.cpp">
      <Filter>Object</Filter>
    </ClCompile>
    <ClCompile Include="THeroObject.cpp">
      <Filter>Object</Filter>
    </ClCompile>
    <ClCompile Include="TEffectObject.cpp">
      <Filter>Object</Filter>
    </ClCompile>
    <ClCompile Include="TBKObject.cpp">
      <Filter>Object</Filter>
    </ClCompile>
    <ClCompile Include="TButton.cpp">
      <Filter>Object</Filter>
    </ClCompile>
    <ClCompile Include="TScene.cpp">
      <Filter>SCENE</Filter>
    </ClCompile>
    <ClCompile Include="TLobbyScene.cpp">
      <Filter>SCENE</Filter>
    </ClCompile>
    <ClCompile Include="TGameScene.cpp">
      <Filter>SCENE</Filter>
    </ClCompile>
    <ClCompile Include="TEndScene.cpp">
      <Filter>SCENE</Filter>
    </ClCompile>
    <ClCompile Include="TFiniteStateMachine.cpp">
      <Filter>FSM</Filter>
    </ClCompile>
    <ClCompile Include="TEnemyState.cpp">
      <Filter>FSM</Filter>
    </ClCompile>
    <ClCompile Include="TEnemy.cpp">
      <Filter>FSM</Filter>
    </ClCompile>
    <ClCompile Include="TFSMMgr.cpp">
      <Filter>FSM</Filter>
    </ClCompile>
    <ClCompile Include="TAttackAction.cpp">
      <Filter>FSM</Filter>
    </ClCompile>
    <ClCompile Include="TMoveAction.cpp">
      <Filter>FSM</Filter>
    </ClCompile>
    <ClCompile Include="TStandAction.cpp">
      <Filter>FSM</Filter>
    </ClCompile>
    <ClCompile Include="TCollision.cpp">
      <Filter>Utility</Filter>
    </ClCompile>
    <ClCompile Include="TSound.cpp">
      <Filter>Utility</Filter>
    </ClCompile>
    <ClCompile Include="TBKScrollObject.cpp">
      <Filter>Object</Filter>
    </ClCompile>
    <ClCompile Include="THPBarObject.cpp">
      <Filter>Object</Filter>
    </ClCompile>
    <ClCompile Include="TGameDataLoad.cpp">
      <Filter>Object</Filter>
    </ClCompile>
  </ItemGroup>
  <ItemGroup>
    <ClInclude Include="xTexManager.h">
      <Filter>Texture</Filter>
    </ClInclude>
    <ClInclude Include="xTexture.h">
      <Filter>Texture</Filter>
    </ClInclude>
    <ClInclude Include="xShaderManager.h">
      <Filter>Texture</Filter>
    </ClInclude>
    <ClInclude Include="xShader.h">
      <Filter>Texture</Filter>
    </ClInclude>
    <ClInclude Include="xObject.h">
      <Filter>Object</Filter>
    </ClInclude>
    <ClInclude Include="xObject_2D.h">
      <Filter>Object</Filter>
    </ClInclude>
    <ClInclude Include="TNPCObject.h">
      <Filter>Object</Filter>
    </ClInclude>
    <ClInclude Include="THeroObject.h">
      <Filter>Object</Filter>
    </ClInclude>
    <ClInclude Include="TEffectObject.h">
      <Filter>Object</Filter>
    </ClInclude>
    <ClInclude Include="TBKObject.h">
      <Filter>Object</Filter>
    </ClInclude>
    <ClInclude Include="TButton.h">
      <Filter>Object</Filter>
    </ClInclude>
    <ClInclude Include="TScene.h">
      <Filter>SCENE</Filter>
    </ClInclude>
    <ClInclude Include="TLobbyScene.h">
      <Filter>SCENE</Filter>
    </ClInclude>
    <ClInclude Include="TGameScene.h">
      <Filter>SCENE</Filter>
    </ClInclude>
    <ClInclude Include="TEndScene.h">
      <Filter>SCENE</Filter>
    </ClInclude>
    <ClInclude Include="TFiniteStateMachine.h">
      <Filter>FSM</Filter>
    </ClInclude>
    <ClInclude Include="TEnemyState.h">
      <Filter>FSM</Filter>
    </ClInclude>
    <ClInclude Include="TEnemy.h">
      <Filter>FSM</Filter>
    </ClInclude>
    <ClInclude Include="TFSMMgr.h">
      <Filter>FSM</Filter>
    </ClInclude>
    <ClInclude Include="TMoveAction.h">
      <Filter>FSM</Filter>
    </ClInclude>
    <ClInclude Include="TStandAction.h">
      <Filter>FSM</Filter>
    </ClInclude>
    <ClInclude Include="TAttackAction.h">
      <Filter>FSM</Filter>
    </ClInclude>
    <ClInclude Include="TCollision.h">
      <Filter>Utility</Filter>
    </ClInclude>
    <ClInclude Include="TSound.h">
      <Filter>Utility</Filter>
    </ClInclude>
    <ClInclude Include="TBKScrollObject.h">
      <Filter>Object</Filter>
    </ClInclude>
    <ClInclude Include="THPBarObject.h">
      <Filter>Object</Filter>
    </ClInclude>
    <ClInclude Include="TGameDataLoad.h">
      <Filter>Object</Filter>
    </ClInclude>
  </ItemGroup>
  <ItemGroup>
    <Text Include="vertexshader.txt" />
  </ItemGroup>
</Project>